{
  "name": "rescript-aws-sdk-v3",
  "version": "0.0.1",
  "lockfileVersion": 1,
  "requires": true,
  "dependencies": {
    "@ctrl/tinycolor": {
      "version": "3.4.0",
      "resolved": "https://registry.npmjs.org/@ctrl/tinycolor/-/tinycolor-3.4.0.tgz",
      "integrity": "sha512-JZButFdZ1+/xAfpguQHoabIXkcqRRKpMrWKBkpEZZyxfY9C1DpADFB8PEqGSTeFr135SaTRfKqGKx5xSCLI7ZQ=="
    },
    "reason-nodejs": {
      "version": "13.0.0-beta.1",
      "resolved": "https://registry.npmjs.org/reason-nodejs/-/reason-nodejs-13.0.0-beta.1.tgz",
      "integrity": "sha512-KSGVKhUKbYFsGMQnQVtsMF79KLHuAmQ7NL/JOzwNe5rKlWlCr9kMCZxzjXghHepMH8OGmfxDVHMZKOAWuKU7OA=="
    },
    "rescript": {
      "version": "9.1.4",
      "resolved": "https://registry.npmjs.org/rescript/-/rescript-9.1.4.tgz",
      "integrity": "sha512-aXANK4IqecJzdnDpJUsU6pxMViCR5ogAxzuqS0mOr8TloMnzAjJFu63fjD6LCkWrKAhlMkFFzQvVQYaAaVkFXw=="
    },
    "rescript-tinycolor": {
      "version": "4.0.0",
      "resolved": "https://registry.npmjs.org/rescript-tinycolor/-/rescript-tinycolor-4.0.0.tgz",
      "integrity": "sha512-3MtUFSK66BlQF3LE/OJPtBGsm+3butw2NbaoM0BtTVhlgcQjqO/p6YrwF9bhBOy1MLY47yLwVE87iiAvJ6DTuQ==",
      "requires": {
        "@ctrl/tinycolor": "^3.3.1"
      }
    }
  }
}
