# THIS IS AN AUTOGENERATED FILE. DO NOT EDIT THIS FILE DIRECTLY.
# yarn lockfile v1


"@aws-crypto/crc32@2.0.0":
  version "2.0.0"
  resolved "https://registry.yarnpkg.com/@aws-crypto/crc32/-/crc32-2.0.0.tgz#4ad432a3c03ec3087c5540ff6e41e6565d2dc153"
  integrity sha512-TvE1r2CUueyXOuHdEigYjIZVesInd9KN+K/TFFNfkkxRThiNxO6i4ZqqAVMoEjAamZZ1AA8WXJkjCz7YShHPQA==
  dependencies:
    "@aws-crypto/util" "^2.0.0"
    "@aws-sdk/types" "^3.1.0"
    tslib "^1.11.1"

"@aws-crypto/crc32c@2.0.0":
  version "2.0.0"
  resolved "https://registry.yarnpkg.com/@aws-crypto/crc32c/-/crc32c-2.0.0.tgz#4235336ef78f169f6a05248906703b9b78da676e"
  integrity sha512-vF0eMdMHx3O3MoOXUfBZry8Y4ZDtcuskjjKgJz8YfIDjLStxTZrYXk+kZqtl6A0uCmmiN/Eb/JbC/CndTV1MHg==
  dependencies:
    "@aws-crypto/util" "^2.0.0"
    "@aws-sdk/types" "^3.1.0"
    tslib "^1.11.1"

"@aws-crypto/ie11-detection@^2.0.0":
  version "2.0.0"
  resolved "https://registry.yarnpkg.com/@aws-crypto/ie11-detection/-/ie11-detection-2.0.0.tgz#bb6c2facf8f03457e949dcf0921477397ffa4c6e"
  integrity sha512-pkVXf/dq6PITJ0jzYZ69VhL8VFOFoPZLZqtU/12SGnzYuJOOGNfF41q9GxdI1yqC8R13Rq3jOLKDFpUJFT5eTA==
  dependencies:
    tslib "^1.11.1"

"@aws-crypto/sha1-browser@2.0.0":
  version "2.0.0"
  resolved "https://registry.yarnpkg.com/@aws-crypto/sha1-browser/-/sha1-browser-2.0.0.tgz#71e735df20ea1d38f59259c4b1a2e00ca74a0eea"
  integrity sha512-3fIVRjPFY8EG5HWXR+ZJZMdWNRpwbxGzJ9IH9q93FpbgCH8u8GHRi46mZXp3cYD7gealmyqpm3ThZwLKJjWJhA==
  dependencies:
    "@aws-crypto/ie11-detection" "^2.0.0"
    "@aws-crypto/supports-web-crypto" "^2.0.0"
    "@aws-sdk/types" "^3.1.0"
    "@aws-sdk/util-locate-window" "^3.0.0"
    "@aws-sdk/util-utf8-browser" "^3.0.0"
    tslib "^1.11.1"

"@aws-crypto/sha256-browser@2.0.0":
  version "2.0.0"
  resolved "https://registry.yarnpkg.com/@aws-crypto/sha256-browser/-/sha256-browser-2.0.0.tgz#741c9024df55ec59b51e5b1f5d806a4852699fb5"
  integrity sha512-rYXOQ8BFOaqMEHJrLHul/25ckWH6GTJtdLSajhlqGMx0PmSueAuvboCuZCTqEKlxR8CQOwRarxYMZZSYlhRA1A==
  dependencies:
    "@aws-crypto/ie11-detection" "^2.0.0"
    "@aws-crypto/sha256-js" "^2.0.0"
    "@aws-crypto/supports-web-crypto" "^2.0.0"
    "@aws-crypto/util" "^2.0.0"
    "@aws-sdk/types" "^3.1.0"
    "@aws-sdk/util-locate-window" "^3.0.0"
    "@aws-sdk/util-utf8-browser" "^3.0.0"
    tslib "^1.11.1"

"@aws-crypto/sha256-js@2.0.0":
  version "2.0.0"
  resolved "https://registry.yarnpkg.com/@aws-crypto/sha256-js/-/sha256-js-2.0.0.tgz#f1f936039bdebd0b9e2dd834d65afdc2aac4efcb"
  integrity sha512-VZY+mCY4Nmrs5WGfitmNqXzaE873fcIZDu54cbaDaaamsaTOP1DBImV9F4pICc3EHjQXujyE8jig+PFCaew9ig==
  dependencies:
    "@aws-crypto/util" "^2.0.0"
    "@aws-sdk/types" "^3.1.0"
    tslib "^1.11.1"

"@aws-crypto/sha256-js@^2.0.0":
  version "2.0.1"
  resolved "https://registry.yarnpkg.com/@aws-crypto/sha256-js/-/sha256-js-2.0.1.tgz#79e1e6cf61f652ef2089c08d471c722ecf1626a9"
  integrity sha512-mbHTBSPBvg6o/mN/c18Z/zifM05eJrapj5ggoOIeHIWckvkv5VgGi7r/wYpt+QAO2ySKXLNvH2d8L7bne4xrMQ==
  dependencies:
    "@aws-crypto/util" "^2.0.1"
    "@aws-sdk/types" "^3.1.0"
    tslib "^1.11.1"

"@aws-crypto/supports-web-crypto@^2.0.0":
  version "2.0.0"
  resolved "https://registry.yarnpkg.com/@aws-crypto/supports-web-crypto/-/supports-web-crypto-2.0.0.tgz#fd6cde30b88f77d5a4f57b2c37c560d918014f9e"
  integrity sha512-Ge7WQ3E0OC7FHYprsZV3h0QIcpdyJLvIeg+uTuHqRYm8D6qCFJoiC+edSzSyFiHtZf+NOQDJ1q46qxjtzIY2nA==
  dependencies:
    tslib "^1.11.1"

"@aws-crypto/util@^2.0.0", "@aws-crypto/util@^2.0.1":
  version "2.0.1"
  resolved "https://registry.yarnpkg.com/@aws-crypto/util/-/util-2.0.1.tgz#976cf619cf85084ca85ec5eb947a6ac6b8b5c98c"
  integrity sha512-JJmFFwvbm08lULw4Nm5QOLg8+lAQeC8aCXK5xrtxntYzYXCGfHwUJ4Is3770Q7HmICsXthGQ+ZsDL7C2uH3yBQ==
  dependencies:
    "@aws-sdk/types" "^3.1.0"
    "@aws-sdk/util-utf8-browser" "^3.0.0"
    tslib "^1.11.1"

"@aws-sdk/abort-controller@3.54.1":
  version "3.54.1"
  resolved "https://registry.yarnpkg.com/@aws-sdk/abort-controller/-/abort-controller-3.54.1.tgz#b6d256a0056ecade5d8479a2863b4bd24691b8a7"
  integrity sha512-yYrZ4iFZzxxx6w14WbSCL157lkoFuSfLroCswb9fV9oVfEoHRL3a4MV/7SkbK3e3LtHiJ33tLFO15kmMYIEnLA==
  dependencies:
    "@aws-sdk/types" "3.54.1"
    tslib "^2.3.0"

"@aws-sdk/chunked-blob-reader-native@3.52.0":
  version "3.52.0"
  resolved "https://registry.yarnpkg.com/@aws-sdk/chunked-blob-reader-native/-/chunked-blob-reader-native-3.52.0.tgz#0cd041d363f16223b8949252c940ae6ff92d3b91"
  integrity sha512-/hVzC0Q12/mWRMBBQD3v82xsLSxZ4RwG6N44XP7MuJoHy4ui4T7D9RSuvBpzzr/4fqF0w9M7XYv6aM4BD2pFIQ==
  dependencies:
    "@aws-sdk/util-base64-browser" "3.52.0"
    tslib "^2.3.0"

"@aws-sdk/chunked-blob-reader@3.52.0":
  version "3.52.0"
  resolved "https://registry.yarnpkg.com/@aws-sdk/chunked-blob-reader/-/chunked-blob-reader-3.52.0.tgz#9136d5ce4353f7c682b9144d08003f673d858d43"
  integrity sha512-BAZhriHHfvnGOd0P9xcnGu8DGyxOa0lgmEw+Tc6nZpXJzx0P+1Sd76q5gE5d/IZ0r5VTB6rfwwKUoG6iShNCwQ==
  dependencies:
    tslib "^2.3.0"

"@aws-sdk/client-s3@^3.36.0":
  version "3.54.1"
  resolved "https://registry.yarnpkg.com/@aws-sdk/client-s3/-/client-s3-3.54.1.tgz#354082376ca88ab19e45386d266d2e16bbdd49e1"
  integrity sha512-JGqq1hEKkCO2q71iVI3IZnGwR9iqFvvXjH+m8wb1YGEuq5kz3gmKHD32gYwQwvs1A0dHGiSKdT3jPVCuScahXQ==
  dependencies:
    "@aws-crypto/sha1-browser" "2.0.0"
    "@aws-crypto/sha256-browser" "2.0.0"
    "@aws-crypto/sha256-js" "2.0.0"
    "@aws-sdk/client-sts" "3.54.1"
    "@aws-sdk/config-resolver" "3.54.1"
    "@aws-sdk/credential-provider-node" "3.54.1"
    "@aws-sdk/eventstream-serde-browser" "3.54.1"
    "@aws-sdk/eventstream-serde-config-resolver" "3.54.1"
    "@aws-sdk/eventstream-serde-node" "3.54.1"
    "@aws-sdk/fetch-http-handler" "3.54.1"
    "@aws-sdk/hash-blob-browser" "3.54.1"
    "@aws-sdk/hash-node" "3.54.1"
    "@aws-sdk/hash-stream-node" "3.54.1"
    "@aws-sdk/invalid-dependency" "3.54.1"
    "@aws-sdk/md5-js" "3.54.1"
    "@aws-sdk/middleware-bucket-endpoint" "3.54.1"
    "@aws-sdk/middleware-content-length" "3.54.1"
    "@aws-sdk/middleware-expect-continue" "3.54.1"
    "@aws-sdk/middleware-flexible-checksums" "3.54.1"
    "@aws-sdk/middleware-host-header" "3.54.1"
    "@aws-sdk/middleware-location-constraint" "3.54.1"
    "@aws-sdk/middleware-logger" "3.54.1"
    "@aws-sdk/middleware-retry" "3.54.1"
    "@aws-sdk/middleware-sdk-s3" "3.54.1"
    "@aws-sdk/middleware-serde" "3.54.1"
    "@aws-sdk/middleware-signing" "3.54.1"
    "@aws-sdk/middleware-ssec" "3.54.1"
    "@aws-sdk/middleware-stack" "3.54.1"
    "@aws-sdk/middleware-user-agent" "3.54.1"
    "@aws-sdk/node-config-provider" "3.54.1"
    "@aws-sdk/node-http-handler" "3.54.1"
    "@aws-sdk/protocol-http" "3.54.1"
    "@aws-sdk/smithy-client" "3.54.1"
    "@aws-sdk/types" "3.54.1"
    "@aws-sdk/url-parser" "3.54.1"
    "@aws-sdk/util-base64-browser" "3.52.0"
    "@aws-sdk/util-base64-node" "3.52.0"
    "@aws-sdk/util-body-length-browser" "3.54.0"
    "@aws-sdk/util-body-length-node" "3.54.0"
    "@aws-sdk/util-defaults-mode-browser" "3.54.1"
    "@aws-sdk/util-defaults-mode-node" "3.54.1"
    "@aws-sdk/util-stream-browser" "3.54.1"
    "@aws-sdk/util-stream-node" "3.54.1"
    "@aws-sdk/util-user-agent-browser" "3.54.1"
    "@aws-sdk/util-user-agent-node" "3.54.1"
    "@aws-sdk/util-utf8-browser" "3.52.0"
    "@aws-sdk/util-utf8-node" "3.52.0"
    "@aws-sdk/util-waiter" "3.54.1"
    "@aws-sdk/xml-builder" "3.52.0"
    entities "2.2.0"
    fast-xml-parser "3.19.0"
    tslib "^2.3.0"

"@aws-sdk/client-sso@3.54.1":
  version "3.54.1"
  resolved "https://registry.yarnpkg.com/@aws-sdk/client-sso/-/client-sso-3.54.1.tgz#02c2c8a85ab9adcfa58da497abccd2b4e85c8ffd"
  integrity sha512-Ir6XG8EzbfUVqr97rkEMW7eFGByiKQGv1Oc7Nxl3BqSXYD35rP2IJ/HI5TXx+CgOY+Ov+bI3g5BZZvSCXd3OBg==
  dependencies:
    "@aws-crypto/sha256-browser" "2.0.0"
    "@aws-crypto/sha256-js" "2.0.0"
    "@aws-sdk/config-resolver" "3.54.1"
    "@aws-sdk/fetch-http-handler" "3.54.1"
    "@aws-sdk/hash-node" "3.54.1"
    "@aws-sdk/invalid-dependency" "3.54.1"
    "@aws-sdk/middleware-content-length" "3.54.1"
    "@aws-sdk/middleware-host-header" "3.54.1"
    "@aws-sdk/middleware-logger" "3.54.1"
    "@aws-sdk/middleware-retry" "3.54.1"
    "@aws-sdk/middleware-serde" "3.54.1"
    "@aws-sdk/middleware-stack" "3.54.1"
    "@aws-sdk/middleware-user-agent" "3.54.1"
    "@aws-sdk/node-config-provider" "3.54.1"
    "@aws-sdk/node-http-handler" "3.54.1"
    "@aws-sdk/protocol-http" "3.54.1"
    "@aws-sdk/smithy-client" "3.54.1"
    "@aws-sdk/types" "3.54.1"
    "@aws-sdk/url-parser" "3.54.1"
    "@aws-sdk/util-base64-browser" "3.52.0"
    "@aws-sdk/util-base64-node" "3.52.0"
    "@aws-sdk/util-body-length-browser" "3.54.0"
    "@aws-sdk/util-body-length-node" "3.54.0"
    "@aws-sdk/util-defaults-mode-browser" "3.54.1"
    "@aws-sdk/util-defaults-mode-node" "3.54.1"
    "@aws-sdk/util-user-agent-browser" "3.54.1"
    "@aws-sdk/util-user-agent-node" "3.54.1"
    "@aws-sdk/util-utf8-browser" "3.52.0"
    "@aws-sdk/util-utf8-node" "3.52.0"
    tslib "^2.3.0"

"@aws-sdk/client-sts@3.54.1":
  version "3.54.1"
  resolved "https://registry.yarnpkg.com/@aws-sdk/client-sts/-/client-sts-3.54.1.tgz#2a1838a2406eca0b0f0a9260fa7c60ffa74c7745"
  integrity sha512-1wgOvyyQcrNeeNWX2aerLOFb2+wkHeo9kjyErUJv7NLRzQGlFXmljfNme2ydvyUMA8NCwjEjePSfmktjnGP9BA==
  dependencies:
    "@aws-crypto/sha256-browser" "2.0.0"
    "@aws-crypto/sha256-js" "2.0.0"
    "@aws-sdk/config-resolver" "3.54.1"
    "@aws-sdk/credential-provider-node" "3.54.1"
    "@aws-sdk/fetch-http-handler" "3.54.1"
    "@aws-sdk/hash-node" "3.54.1"
    "@aws-sdk/invalid-dependency" "3.54.1"
    "@aws-sdk/middleware-content-length" "3.54.1"
    "@aws-sdk/middleware-host-header" "3.54.1"
    "@aws-sdk/middleware-logger" "3.54.1"
    "@aws-sdk/middleware-retry" "3.54.1"
    "@aws-sdk/middleware-sdk-sts" "3.54.1"
    "@aws-sdk/middleware-serde" "3.54.1"
    "@aws-sdk/middleware-signing" "3.54.1"
    "@aws-sdk/middleware-stack" "3.54.1"
    "@aws-sdk/middleware-user-agent" "3.54.1"
    "@aws-sdk/node-config-provider" "3.54.1"
    "@aws-sdk/node-http-handler" "3.54.1"
    "@aws-sdk/protocol-http" "3.54.1"
    "@aws-sdk/smithy-client" "3.54.1"
    "@aws-sdk/types" "3.54.1"
    "@aws-sdk/url-parser" "3.54.1"
    "@aws-sdk/util-base64-browser" "3.52.0"
    "@aws-sdk/util-base64-node" "3.52.0"
    "@aws-sdk/util-body-length-browser" "3.54.0"
    "@aws-sdk/util-body-length-node" "3.54.0"
    "@aws-sdk/util-defaults-mode-browser" "3.54.1"
    "@aws-sdk/util-defaults-mode-node" "3.54.1"
    "@aws-sdk/util-user-agent-browser" "3.54.1"
    "@aws-sdk/util-user-agent-node" "3.54.1"
    "@aws-sdk/util-utf8-browser" "3.52.0"
    "@aws-sdk/util-utf8-node" "3.52.0"
    entities "2.2.0"
    fast-xml-parser "3.19.0"
    tslib "^2.3.0"

"@aws-sdk/config-resolver@3.54.1":
  version "3.54.1"
  resolved "https://registry.yarnpkg.com/@aws-sdk/config-resolver/-/config-resolver-3.54.1.tgz#18deb546645da3b9c993d3c21c1eecf1bbdcd14c"
  integrity sha512-MPaahgP+WGdZDfvsrjiOcpdyIIt4XaT2d62x0DYhkeWR7q6/g5d73ynS9377AwVp+6LyjzisqX1lSjfUkG2ryQ==
  dependencies:
    "@aws-sdk/signature-v4" "3.54.1"
    "@aws-sdk/types" "3.54.1"
    "@aws-sdk/util-config-provider" "3.52.0"
    tslib "^2.3.0"

"@aws-sdk/credential-provider-env@3.54.1":
  version "3.54.1"
  resolved "https://registry.yarnpkg.com/@aws-sdk/credential-provider-env/-/credential-provider-env-3.54.1.tgz#089d1f97189c295c2ab9cf1b673c4fe2a79d0009"
  integrity sha512-+4ik84tPG6st6DxwymiJ/kO8OJPNjv0fROH4+OupvYiVyBLrvqoivbtwsee9mcQJ3KLkcASdht7bw271sP9wng==
  dependencies:
    "@aws-sdk/property-provider" "3.54.1"
    "@aws-sdk/types" "3.54.1"
    tslib "^2.3.0"

"@aws-sdk/credential-provider-imds@3.54.1":
  version "3.54.1"
  resolved "https://registry.yarnpkg.com/@aws-sdk/credential-provider-imds/-/credential-provider-imds-3.54.1.tgz#ab1af1018a638ca65bdc481c8357f40e6128c36b"
  integrity sha512-IIJ9Or9HAxdOzhXMEB1OBUc1EXLiNPd1BD30u5mEpyaO4jJf0AKNNg7Lkhnl5yDX0oY8pbaakDFVomqGt2c9aQ==
  dependencies:
    "@aws-sdk/node-config-provider" "3.54.1"
    "@aws-sdk/property-provider" "3.54.1"
    "@aws-sdk/types" "3.54.1"
    "@aws-sdk/url-parser" "3.54.1"
    tslib "^2.3.0"

"@aws-sdk/credential-provider-ini@3.54.1":
  version "3.54.1"
  resolved "https://registry.yarnpkg.com/@aws-sdk/credential-provider-ini/-/credential-provider-ini-3.54.1.tgz#e6af8fd3db0ad7577c747bbb89db1ce224703a48"
  integrity sha512-sdLJbNbBJPz4icb4OsbIMtKm2jZqeASBUYBYZfsiNP8E50EZkBOkQuKNzQikzbUZmJN+/U/3YqfrK6NzyzCd3g==
  dependencies:
    "@aws-sdk/credential-provider-env" "3.54.1"
    "@aws-sdk/credential-provider-imds" "3.54.1"
    "@aws-sdk/credential-provider-sso" "3.54.1"
    "@aws-sdk/credential-provider-web-identity" "3.54.1"
    "@aws-sdk/property-provider" "3.54.1"
    "@aws-sdk/shared-ini-file-loader" "3.54.1"
    "@aws-sdk/types" "3.54.1"
    tslib "^2.3.0"

"@aws-sdk/credential-provider-node@3.54.1":
  version "3.54.1"
  resolved "https://registry.yarnpkg.com/@aws-sdk/credential-provider-node/-/credential-provider-node-3.54.1.tgz#0739bad7270219ee19675a311c5516d756637372"
  integrity sha512-J6/IjyniCYYJ+Y0cXvuZUB4yIKVOZvwziFwAA/mphtJEyiSjM7cOp3tATCrcBZuZn0OSRAeQlJ6xAy9MbKSHSQ==
  dependencies:
    "@aws-sdk/credential-provider-env" "3.54.1"
    "@aws-sdk/credential-provider-imds" "3.54.1"
    "@aws-sdk/credential-provider-ini" "3.54.1"
    "@aws-sdk/credential-provider-process" "3.54.1"
    "@aws-sdk/credential-provider-sso" "3.54.1"
    "@aws-sdk/credential-provider-web-identity" "3.54.1"
    "@aws-sdk/property-provider" "3.54.1"
    "@aws-sdk/shared-ini-file-loader" "3.54.1"
    "@aws-sdk/types" "3.54.1"
    tslib "^2.3.0"

"@aws-sdk/credential-provider-process@3.54.1":
  version "3.54.1"
  resolved "https://registry.yarnpkg.com/@aws-sdk/credential-provider-process/-/credential-provider-process-3.54.1.tgz#5b41e1e331299326ed09b80beedddb9ff4bfd6c3"
  integrity sha512-LeRHa3mCyMsWuRpNeDGLg3KvqqM0hAw1qPszyG5F43x9EhmVCpHPepnf6TrMAbTxpbdhsy4y0+kNLTFxV3LMsw==
  dependencies:
    "@aws-sdk/property-provider" "3.54.1"
    "@aws-sdk/shared-ini-file-loader" "3.54.1"
    "@aws-sdk/types" "3.54.1"
    tslib "^2.3.0"

"@aws-sdk/credential-provider-sso@3.54.1":
  version "3.54.1"
  resolved "https://registry.yarnpkg.com/@aws-sdk/credential-provider-sso/-/credential-provider-sso-3.54.1.tgz#76feb1a15802bc0bf95df63c360f9bc0af86f33a"
  integrity sha512-T6fImSfKabjhAk/kgqAhYoDFmV6kRI6PDFEQg9JJ50I61wLqgWIKWQJb0nphNpgGnEVSCp+I9alrahTNXDRQsw==
  dependencies:
    "@aws-sdk/client-sso" "3.54.1"
    "@aws-sdk/property-provider" "3.54.1"
    "@aws-sdk/shared-ini-file-loader" "3.54.1"
    "@aws-sdk/types" "3.54.1"
    tslib "^2.3.0"

"@aws-sdk/credential-provider-web-identity@3.54.1":
  version "3.54.1"
  resolved "https://registry.yarnpkg.com/@aws-sdk/credential-provider-web-identity/-/credential-provider-web-identity-3.54.1.tgz#764f095b37f5a223f620c8ef6c3daa8644cabfe8"
  integrity sha512-wCOK6sK+zS89OetMz8qThqRtgu43dJgpkY7bYjVWlpfnsFGN7aqrNN/N93yhtY/YZmtD/sZVXXgTO2qDkkwl2g==
  dependencies:
    "@aws-sdk/property-provider" "3.54.1"
    "@aws-sdk/types" "3.54.1"
    tslib "^2.3.0"

"@aws-sdk/eventstream-marshaller@3.54.1":
  version "3.54.1"
  resolved "https://registry.yarnpkg.com/@aws-sdk/eventstream-marshaller/-/eventstream-marshaller-3.54.1.tgz#2523e95933230841f00c7e353df8585cb4ac4799"
  integrity sha512-Ar+Cna5pZYseTHd6IAevhtorxD0SFOnNyXAs/CNzu1qFEoL6Zqik6tupJ0gOreIon/EGle5q0nfM46pujCi6wg==
  dependencies:
    "@aws-crypto/crc32" "2.0.0"
    "@aws-sdk/types" "3.54.1"
    "@aws-sdk/util-hex-encoding" "3.52.0"
    tslib "^2.3.0"

"@aws-sdk/eventstream-serde-browser@3.54.1":
  version "3.54.1"
  resolved "https://registry.yarnpkg.com/@aws-sdk/eventstream-serde-browser/-/eventstream-serde-browser-3.54.1.tgz#a4342b3148d84754f4b39c025502a052a3d977c7"
  integrity sha512-+XTucMoHRW/spVt6ZxzagLYwBz+nfKrkK/IDzLr7X2bnOOl9CsoYm8acskBbVqzdtcNfCHTkGg5nOAUCjTJt6A==
  dependencies:
    "@aws-sdk/eventstream-marshaller" "3.54.1"
    "@aws-sdk/eventstream-serde-universal" "3.54.1"
    "@aws-sdk/types" "3.54.1"
    tslib "^2.3.0"

"@aws-sdk/eventstream-serde-config-resolver@3.54.1":
  version "3.54.1"
  resolved "https://registry.yarnpkg.com/@aws-sdk/eventstream-serde-config-resolver/-/eventstream-serde-config-resolver-3.54.1.tgz#c6fec4c5c7c8677db2f2f3ec4591efbccb3a0d65"
  integrity sha512-0ZDpz5LiWbrGZpp8HaXa4j9uzBLiVE9h0wpqnrYuNlnsolsDdVtbDtOlh4BSlz5uRVig2WogT0fIGYhKsK4wXg==
  dependencies:
    "@aws-sdk/types" "3.54.1"
    tslib "^2.3.0"

"@aws-sdk/eventstream-serde-node@3.54.1":
  version "3.54.1"
  resolved "https://registry.yarnpkg.com/@aws-sdk/eventstream-serde-node/-/eventstream-serde-node-3.54.1.tgz#9bb9d4ed3745a8742e98dbe4b46059a3bd3523b2"
  integrity sha512-2vJ/cj6ruMpeb7QF3/mdfdL4CfUyhy+guAt9hjwj1se6bE+T+8lQmIQZ+hkGGba3bBnzMwAxkQpsaAxGzdiLJA==
  dependencies:
    "@aws-sdk/eventstream-marshaller" "3.54.1"
    "@aws-sdk/eventstream-serde-universal" "3.54.1"
    "@aws-sdk/types" "3.54.1"
    tslib "^2.3.0"

"@aws-sdk/eventstream-serde-universal@3.54.1":
  version "3.54.1"
  resolved "https://registry.yarnpkg.com/@aws-sdk/eventstream-serde-universal/-/eventstream-serde-universal-3.54.1.tgz#61958e0457b2a7f9ccfa768182ccede40bb4a477"
  integrity sha512-L6M136V+kAH5eoZzh42qslW9lFtld6NGr7tdidt21Vif/usXJt7IZP1tAc8ypL8lrsXeGLs92KkZ7n6rhLw2yA==
  dependencies:
    "@aws-sdk/eventstream-marshaller" "3.54.1"
    "@aws-sdk/types" "3.54.1"
    tslib "^2.3.0"

"@aws-sdk/fetch-http-handler@3.54.1":
  version "3.54.1"
  resolved "https://registry.yarnpkg.com/@aws-sdk/fetch-http-handler/-/fetch-http-handler-3.54.1.tgz#df106ccfa3e10d4b845d864ab3c6f36a53255542"
  integrity sha512-i2sTy8NjFXMtdlaslGS0vKbz1+9J8Nnt1A7A1gWsJmi6cXofv86glKTtxXxr1BsZu82QAZbSO4lm/XAd5gcWuQ==
  dependencies:
    "@aws-sdk/protocol-http" "3.54.1"
    "@aws-sdk/querystring-builder" "3.54.1"
    "@aws-sdk/types" "3.54.1"
    "@aws-sdk/util-base64-browser" "3.52.0"
    tslib "^2.3.0"

"@aws-sdk/hash-blob-browser@3.54.1":
  version "3.54.1"
  resolved "https://registry.yarnpkg.com/@aws-sdk/hash-blob-browser/-/hash-blob-browser-3.54.1.tgz#d4f6d7312e0dc2f8ac205c8ed4d93ffa5094893d"
  integrity sha512-wKnnye2CXS4x5dYus5cj5QNXf9dZpDDH36Ja1EyLwuM2jhh8EbcA0yHqQNEqkRr21RvVx7jtk7LvSk3/LDkshA==
  dependencies:
    "@aws-sdk/chunked-blob-reader" "3.52.0"
    "@aws-sdk/chunked-blob-reader-native" "3.52.0"
    "@aws-sdk/types" "3.54.1"
    tslib "^2.3.0"

"@aws-sdk/hash-node@3.54.1":
  version "3.54.1"
  resolved "https://registry.yarnpkg.com/@aws-sdk/hash-node/-/hash-node-3.54.1.tgz#3772a8583ea89a1d1c5bb874b738d96460e0d887"
  integrity sha512-Vpu94h4vla92xLqmAZXHjSF/dw9Myf3Gd4LJMPK7Gb5XZVZgpIijqOF/vlx0YKRunuEopLlT9OFkDVBZtqtTIw==
  dependencies:
    "@aws-sdk/types" "3.54.1"
    "@aws-sdk/util-buffer-from" "3.52.0"
    tslib "^2.3.0"

"@aws-sdk/hash-stream-node@3.54.1":
  version "3.54.1"
  resolved "https://registry.yarnpkg.com/@aws-sdk/hash-stream-node/-/hash-stream-node-3.54.1.tgz#df8b9b6b3d4bd22534d82d8127885b300dfb3427"
  integrity sha512-BO0tgtDrBlGpK0qBGSBbC95efW1RqIRKaKs0/kZeet6Z7Y7UR/22/j0hUuYebNd0JgNlsc+hygP2OZ1vZ+Fnnw==
  dependencies:
    "@aws-sdk/types" "3.54.1"
    tslib "^2.3.0"

"@aws-sdk/invalid-dependency@3.54.1":
  version "3.54.1"
  resolved "https://registry.yarnpkg.com/@aws-sdk/invalid-dependency/-/invalid-dependency-3.54.1.tgz#6f54e6c578a4f1d8bed901ee8b7f616c14a6ba54"
  integrity sha512-nn+zqJ+nlO5yCxtvykLhj03e2+5wbb4fAgG47PHGCB8zjqvYDlv8jW1sryjR69dsMdylnanUmDvyvJUlQKj3eQ==
  dependencies:
    "@aws-sdk/types" "3.54.1"
    tslib "^2.3.0"

"@aws-sdk/is-array-buffer@3.52.0":
  version "3.52.0"
  resolved "https://registry.yarnpkg.com/@aws-sdk/is-array-buffer/-/is-array-buffer-3.52.0.tgz#4d7f8f27ba328bb4bd513817802211387562d13e"
  integrity sha512-5Pe9QKrOeSZb9Z8gtlx9CDMfxH8EiNdClBfXBbc6CiUM7y6l7UintYHkm133zM5XTqtMRYY1jaD8svVAoRPApA==
  dependencies:
    tslib "^2.3.0"

"@aws-sdk/md5-js@3.54.1":
  version "3.54.1"
  resolved "https://registry.yarnpkg.com/@aws-sdk/md5-js/-/md5-js-3.54.1.tgz#8e3f77f40dc5e0a9a87299a77e3e860fe2bc9563"
  integrity sha512-uH3Wm8w/oEt5ggw5Vaxi6jThgAOVuh1TPXALNm/xdvx+bOjWeDQHa1taSs+aiaoTmEsIFsQO/gFlUpiaxY3nkw==
  dependencies:
    "@aws-sdk/types" "3.54.1"
    "@aws-sdk/util-utf8-browser" "3.52.0"
    "@aws-sdk/util-utf8-node" "3.52.0"
    tslib "^2.3.0"

"@aws-sdk/middleware-bucket-endpoint@3.54.1":
  version "3.54.1"
  resolved "https://registry.yarnpkg.com/@aws-sdk/middleware-bucket-endpoint/-/middleware-bucket-endpoint-3.54.1.tgz#06113c9486d384817650d776b8dd19af5fd95d72"
  integrity sha512-LhkYX87A3uJQydv8KtC2M5ItM5zpHVbYyUdnKWh0trk30UH9GzDPWUDcMmHrDV1M5Yq68ufIHleBrzcD/jna3Q==
  dependencies:
    "@aws-sdk/protocol-http" "3.54.1"
    "@aws-sdk/types" "3.54.1"
    "@aws-sdk/util-arn-parser" "3.52.0"
    "@aws-sdk/util-config-provider" "3.52.0"
    tslib "^2.3.0"

"@aws-sdk/middleware-content-length@3.54.1":
  version "3.54.1"
  resolved "https://registry.yarnpkg.com/@aws-sdk/middleware-content-length/-/middleware-content-length-3.54.1.tgz#067d7799abd0ff741a89ff1d1ad91b12b895ec19"
  integrity sha512-mnp9GmIDQCtw1XtfnFyBvGLUPD0CGZx1terCoUIWVN+sd8ACpCuDM6wv9TNTU+rxcKkWiOFmNl4becSm46YXOw==
  dependencies:
    "@aws-sdk/protocol-http" "3.54.1"
    "@aws-sdk/types" "3.54.1"
    tslib "^2.3.0"

"@aws-sdk/middleware-expect-continue@3.54.1":
  version "3.54.1"
  resolved "https://registry.yarnpkg.com/@aws-sdk/middleware-expect-continue/-/middleware-expect-continue-3.54.1.tgz#05d624e43c95fb3d82a6f3d9f44309ac9fe6ca06"
  integrity sha512-KNiodrFIHhZdSL5qC4Hg/1KfOPvqHoyZfodVkkcrIizfp16DhZFkwYcp1x/2QEGsaFVmYz9D6Pq9yIjuGw6NBA==
  dependencies:
    "@aws-sdk/middleware-header-default" "3.54.1"
    "@aws-sdk/protocol-http" "3.54.1"
    "@aws-sdk/types" "3.54.1"
    tslib "^2.3.0"

"@aws-sdk/middleware-flexible-checksums@3.54.1":
  version "3.54.1"
  resolved "https://registry.yarnpkg.com/@aws-sdk/middleware-flexible-checksums/-/middleware-flexible-checksums-3.54.1.tgz#17172637b4b93bec2be1892effc5bc2aa1ce6933"
  integrity sha512-+zJzx9EkMXpt3fQMucxgiG7WWmRH/8liJx6I+XcJoVC7IaNGgRck7KQWoq01+KMJ8+GLXNerFk8RUt8q4SVpig==
  dependencies:
    "@aws-crypto/crc32" "2.0.0"
    "@aws-crypto/crc32c" "2.0.0"
    "@aws-sdk/is-array-buffer" "3.52.0"
    "@aws-sdk/protocol-http" "3.54.1"
    "@aws-sdk/types" "3.54.1"
    tslib "^2.3.0"

"@aws-sdk/middleware-header-default@3.54.1":
  version "3.54.1"
  resolved "https://registry.yarnpkg.com/@aws-sdk/middleware-header-default/-/middleware-header-default-3.54.1.tgz#cfb0636229a045f99430f4dd386055a4049e1191"
  integrity sha512-K6MsVrWrFjPh5nI7OYIj3sTh3VGeJ1TEXEihG18731lEgYRkyYA5pB43U2ieUE1kQlr1rHrDSWy/3mbPvDcVTA==
  dependencies:
    "@aws-sdk/protocol-http" "3.54.1"
    "@aws-sdk/types" "3.54.1"
    tslib "^2.3.0"

"@aws-sdk/middleware-host-header@3.54.1":
  version "3.54.1"
  resolved "https://registry.yarnpkg.com/@aws-sdk/middleware-host-header/-/middleware-host-header-3.54.1.tgz#a9ee2ece59cccce5e1cfc9a30b2e808cee939ef5"
  integrity sha512-x3RpdcCGu4bvvq5DrluBDCYyOCczcbVCjZm/GBwXy7qddu//1EBtZpJCcJ96ptp1ibjNW48jJPLftel7SK4qAg==
  dependencies:
    "@aws-sdk/protocol-http" "3.54.1"
    "@aws-sdk/types" "3.54.1"
    tslib "^2.3.0"

"@aws-sdk/middleware-location-constraint@3.54.1":
  version "3.54.1"
  resolved "https://registry.yarnpkg.com/@aws-sdk/middleware-location-constraint/-/middleware-location-constraint-3.54.1.tgz#2eea7bba2e21a74f4530f24f754f39fab8fb3fb7"
  integrity sha512-xiMhP4BbQtVo+7AFlxk/IGnrXFHi7bCb9H3Yn/08kLVDUeU7FHLwJxhKJK/OkJazavQv64/AEiTZ7fPw4l5xfA==
  dependencies:
    "@aws-sdk/types" "3.54.1"
    tslib "^2.3.0"

"@aws-sdk/middleware-logger@3.54.1":
  version "3.54.1"
  resolved "https://registry.yarnpkg.com/@aws-sdk/middleware-logger/-/middleware-logger-3.54.1.tgz#f00c5968a12ea43596a7ce3d63ec922e366830f9"
  integrity sha512-Cc7CDFVTAFXjZDNYGduZMWU0F/M5uEeB/GJJGNia3QEMpGjznX7sQH/wbPyVGwcV2/ONSS6NIxhUMnFrb/yl3w==
  dependencies:
    "@aws-sdk/types" "3.54.1"
    tslib "^2.3.0"

"@aws-sdk/middleware-retry@3.54.1":
  version "3.54.1"
  resolved "https://registry.yarnpkg.com/@aws-sdk/middleware-retry/-/middleware-retry-3.54.1.tgz#a0d459e156f92e6c4bbc49dac14a1689695078ab"
  integrity sha512-NwF4YU+8qnfD2mimVvlrqPeDUGYRSeoG8eONzC4SajsTRe9oWprRpWgpO47b0P5xrzJRYu18Li6jNz6qR4q4mw==
  dependencies:
    "@aws-sdk/protocol-http" "3.54.1"
    "@aws-sdk/service-error-classification" "3.54.1"
    "@aws-sdk/types" "3.54.1"
    tslib "^2.3.0"
    uuid "^8.3.2"

"@aws-sdk/middleware-sdk-s3@3.54.1":
  version "3.54.1"
  resolved "https://registry.yarnpkg.com/@aws-sdk/middleware-sdk-s3/-/middleware-sdk-s3-3.54.1.tgz#b7c29b9f080f7038a84f04c16f73c6a3105a2872"
  integrity sha512-tyFHT/tDKmNR5NnGPnvDwkOllhOMAiWEuq9ZbKphfKhSn27E7d7jUhOnSAKrMyBjCtR/8nIp8W6RoPfHU7UM5w==
  dependencies:
    "@aws-sdk/protocol-http" "3.54.1"
    "@aws-sdk/signature-v4" "3.54.1"
    "@aws-sdk/types" "3.54.1"
    "@aws-sdk/util-arn-parser" "3.52.0"
    tslib "^2.3.0"

"@aws-sdk/middleware-sdk-sts@3.54.1":
  version "3.54.1"
  resolved "https://registry.yarnpkg.com/@aws-sdk/middleware-sdk-sts/-/middleware-sdk-sts-3.54.1.tgz#8aba67ec675d38ea738084ee03667e4e696f2601"
  integrity sha512-r4weIvX7YZ62Ag9h+txQDfeK6MlFwZq7YeTYeGN57FF3sPlvMzFvI1BQ+H3A7KlQoXalAL2BzI9GPTkmTEcklg==
  dependencies:
    "@aws-sdk/middleware-signing" "3.54.1"
    "@aws-sdk/property-provider" "3.54.1"
    "@aws-sdk/protocol-http" "3.54.1"
    "@aws-sdk/signature-v4" "3.54.1"
    "@aws-sdk/types" "3.54.1"
    tslib "^2.3.0"

"@aws-sdk/middleware-serde@3.54.1":
  version "3.54.1"
  resolved "https://registry.yarnpkg.com/@aws-sdk/middleware-serde/-/middleware-serde-3.54.1.tgz#5cdaa183dda1553e0fe71fcdf0581f4b02ecc8fc"
  integrity sha512-mOAa54Jwo5pG+Xs5z3VjIi4PMQVRvhsfONTlZV/GRYbJniKVE2/zLZzHLXpeChrdZjHX+kOY/1LSVpypbziu/Q==
  dependencies:
    "@aws-sdk/types" "3.54.1"
    tslib "^2.3.0"

"@aws-sdk/middleware-signing@3.54.1":
  version "3.54.1"
  resolved "https://registry.yarnpkg.com/@aws-sdk/middleware-signing/-/middleware-signing-3.54.1.tgz#2ff72afbf51cb4b1b6feed652def37674cd2c1d3"
  integrity sha512-orM7cXa14mLmsJXzJrls6iJz5nmICMvx5FP1e0q28TnIgyoqUILcndGzYm3q0l2fwk7BJdw87q6sSy56LWJPkQ==
  dependencies:
    "@aws-sdk/property-provider" "3.54.1"
    "@aws-sdk/protocol-http" "3.54.1"
    "@aws-sdk/signature-v4" "3.54.1"
    "@aws-sdk/types" "3.54.1"
    tslib "^2.3.0"

"@aws-sdk/middleware-ssec@3.54.1":
  version "3.54.1"
  resolved "https://registry.yarnpkg.com/@aws-sdk/middleware-ssec/-/middleware-ssec-3.54.1.tgz#01bc98f7e995595aa68a374baf4ae825f7bb6a29"
  integrity sha512-wl7gJS14wO0FJU29Y6PSeB94A2Tmo5Wx1mURs54+XrWIdkVbaVs9XCu7dsF37wWNqm/luQUhKOyTec4WkILCeQ==
  dependencies:
    "@aws-sdk/types" "3.54.1"
    tslib "^2.3.0"

"@aws-sdk/middleware-stack@3.54.1":
  version "3.54.1"
  resolved "https://registry.yarnpkg.com/@aws-sdk/middleware-stack/-/middleware-stack-3.54.1.tgz#7bfcf474ffec4dd63223f408ea35a1d511b76a29"
  integrity sha512-fh9/jzqR181M+53m0lFHf8HvCKrq6Odu+rzFenumnUjAFaFb7368/XjipqFMxfvW0XjbdGJ4UyPds2wcnqh+8Q==
  dependencies:
    tslib "^2.3.0"

"@aws-sdk/middleware-user-agent@3.54.1":
  version "3.54.1"
  resolved "https://registry.yarnpkg.com/@aws-sdk/middleware-user-agent/-/middleware-user-agent-3.54.1.tgz#d8f2e4bd1bc1f29b171e802384e8d6b01652b4a7"
  integrity sha512-EXHLYVzUmw6cRc3M+cz3HzDIH9R/5P6kWuaf0762CiG/kDtLr9ya4k3RbBSLAzR4wxuI58U7/DkA6mG5Dne5oA==
  dependencies:
    "@aws-sdk/protocol-http" "3.54.1"
    "@aws-sdk/types" "3.54.1"
    tslib "^2.3.0"

"@aws-sdk/node-config-provider@3.54.1":
  version "3.54.1"
  resolved "https://registry.yarnpkg.com/@aws-sdk/node-config-provider/-/node-config-provider-3.54.1.tgz#9169bd1a5d96ecf08a33c56b128bf7a93a84bc50"
  integrity sha512-Av9Ucybx4NpfLKAVpfBpH0OYWiJ7Da1RYPWyZ9YTKNGTxSUUuS448ZZ0OcP8QDaiHQV40dXGTJz0LV+WfChH8g==
  dependencies:
    "@aws-sdk/property-provider" "3.54.1"
    "@aws-sdk/shared-ini-file-loader" "3.54.1"
    "@aws-sdk/types" "3.54.1"
    tslib "^2.3.0"

"@aws-sdk/node-http-handler@3.54.1":
  version "3.54.1"
  resolved "https://registry.yarnpkg.com/@aws-sdk/node-http-handler/-/node-http-handler-3.54.1.tgz#bf86cb1ceb932da142d7125ac5ed8b084ab4e212"
  integrity sha512-zY9dIIZXms4WcmpcKJxxBPqPydvUTJA3JAoqpf9Huau/oJ4VHYmQCJ6gohmHq2y2f+H0GOf74/QyngncTrKPwg==
  dependencies:
    "@aws-sdk/abort-controller" "3.54.1"
    "@aws-sdk/protocol-http" "3.54.1"
    "@aws-sdk/querystring-builder" "3.54.1"
    "@aws-sdk/types" "3.54.1"
    tslib "^2.3.0"

"@aws-sdk/property-provider@3.54.1":
  version "3.54.1"
  resolved "https://registry.yarnpkg.com/@aws-sdk/property-provider/-/property-provider-3.54.1.tgz#bd12e60e3a30b611a6818401cd0067fae2ab95e9"
  integrity sha512-9D7jvMwn4hBemhDjsIduxPvPHdmgdnDjLflc3vNaljcurDUHzJVeJb4pRc3h6Fyaha6hzJFihR63IGdjWfrEhQ==
  dependencies:
    "@aws-sdk/types" "3.54.1"
    tslib "^2.3.0"

"@aws-sdk/protocol-http@3.54.1":
  version "3.54.1"
  resolved "https://registry.yarnpkg.com/@aws-sdk/protocol-http/-/protocol-http-3.54.1.tgz#40a1ae8d5ac8ca1c8b96aa79fbede5d70930ded3"
  integrity sha512-2fA8sbFechayTemXogFU3vlllNWYpAI4vE9d3JsIhND2BQHXjv6qrkx9rXWtnALzQbX25D4Rq6Kctu/7hG1jLw==
  dependencies:
    "@aws-sdk/types" "3.54.1"
    tslib "^2.3.0"

"@aws-sdk/querystring-builder@3.54.1":
  version "3.54.1"
  resolved "https://registry.yarnpkg.com/@aws-sdk/querystring-builder/-/querystring-builder-3.54.1.tgz#92c6a0db50e29c2f57f38736b70f026e3ea9a360"
  integrity sha512-8E4qFyKc4JaZZ+Vg7vV7OZx7DoKqNUakVX9/eZn6W3Hu7rrMcYY3M8mHZggP8z+fosRhib7xOcyh483LMZNfvA==
  dependencies:
    "@aws-sdk/types" "3.54.1"
    "@aws-sdk/util-uri-escape" "3.52.0"
    tslib "^2.3.0"

"@aws-sdk/querystring-parser@3.54.1":
  version "3.54.1"
  resolved "https://registry.yarnpkg.com/@aws-sdk/querystring-parser/-/querystring-parser-3.54.1.tgz#bd1bdf89297c07e69f0a2408812088f0981075b0"
  integrity sha512-oqnaGov6PdgS/1lNgkif6EucySMOUAKoNCsABBPItMWAoNmWiDxKIKBlk6xX5s17teP52L/iXAASD/pqeaDmUw==
  dependencies:
    "@aws-sdk/types" "3.54.1"
    tslib "^2.3.0"

"@aws-sdk/service-error-classification@3.54.1":
  version "3.54.1"
  resolved "https://registry.yarnpkg.com/@aws-sdk/service-error-classification/-/service-error-classification-3.54.1.tgz#650bda3ac2c45a8881e426b880d88733cddb5b03"
  integrity sha512-cOofY2SFZEoPbuoH4I9ZiTMf8bgUz3OOZjLtU/Qv0Efhf7NhNEwsJkG2jgSYac3UkK7tWyz1Jo1Exog+sY7hOQ==

"@aws-sdk/shared-ini-file-loader@3.54.1":
  version "3.54.1"
  resolved "https://registry.yarnpkg.com/@aws-sdk/shared-ini-file-loader/-/shared-ini-file-loader-3.54.1.tgz#5ceb0d23970dc517a0169529918e3f005a6264bf"
  integrity sha512-Vdb75cv9p7dlBAHFD5LdNW9UhAmTdGTsc4RoJNM2vB08WruPJQkQJgE00/f2o1L7B53mvrH+EHbfJXu5l12jWQ==
  dependencies:
    tslib "^2.3.0"

"@aws-sdk/signature-v4@3.54.1":
  version "3.54.1"
  resolved "https://registry.yarnpkg.com/@aws-sdk/signature-v4/-/signature-v4-3.54.1.tgz#6574a4ee9c97481e1a1c7e0f76611f998630ed40"
  integrity sha512-byBH4ovK3BqVxmsWWlZOug2nfWE2t1Hw1r9B4Cn0kIftpHfy3axVBLTQ8czu5b8mbVyq8PnOKPTZ1X6Tzm/LnQ==
  dependencies:
    "@aws-sdk/is-array-buffer" "3.52.0"
    "@aws-sdk/types" "3.54.1"
    "@aws-sdk/util-hex-encoding" "3.52.0"
    "@aws-sdk/util-uri-escape" "3.52.0"
    tslib "^2.3.0"

"@aws-sdk/smithy-client@3.54.1":
  version "3.54.1"
  resolved "https://registry.yarnpkg.com/@aws-sdk/smithy-client/-/smithy-client-3.54.1.tgz#af6f0be051d705e257d8e1818f0d6867f38734a9"
  integrity sha512-OabAnQQLjhdEMafq4KdptxnmvYXz0fNRZQRU/R4M9PmO5KOO9yep+y8R259hME2uV6FtMTBms1qctN9qaryhug==
  dependencies:
    "@aws-sdk/middleware-stack" "3.54.1"
    "@aws-sdk/types" "3.54.1"
    tslib "^2.3.0"

"@aws-sdk/types@3.54.1", "@aws-sdk/types@^3.1.0":
  version "3.54.1"
  resolved "https://registry.yarnpkg.com/@aws-sdk/types/-/types-3.54.1.tgz#2e0337249ee7ddb79b5054858f68c49e7208d910"
  integrity sha512-7JgapyqowaBqhX80ZDxumeLhnyS3Up5ZXn2MljiBwJ2B5mAGomcfFDMDvViJfbKO6pKakopp0iXtPTulH6sIgw==

"@aws-sdk/url-parser@3.54.1":
  version "3.54.1"
  resolved "https://registry.yarnpkg.com/@aws-sdk/url-parser/-/url-parser-3.54.1.tgz#64866b96bef5aa1c81a4c60aea299c2de0c4a4cf"
  integrity sha512-F0d5UokYgbv80CjZtILZ8y4hWPKwh1sk96hOTi07TBFcx6E5dS5Vi1Wm4GsRi4C8D8FeQ5dhw/XBdqCM3+tloQ==
  dependencies:
    "@aws-sdk/querystring-parser" "3.54.1"
    "@aws-sdk/types" "3.54.1"
    tslib "^2.3.0"

"@aws-sdk/util-arn-parser@3.52.0":
  version "3.52.0"
  resolved "https://registry.yarnpkg.com/@aws-sdk/util-arn-parser/-/util-arn-parser-3.52.0.tgz#41378d8c1a81b26599b144a732ccc1d00329e3a9"
  integrity sha512-mMsoYJ70+BGkVpdfQbu942v4fAGzx+pIL8+QnQhzUmcU0HbNkI0vYliMWfzz7ka9CHgbijUI/ANKA319zgKtvA==
  dependencies:
    tslib "^2.3.0"

"@aws-sdk/util-base64-browser@3.52.0":
  version "3.52.0"
  resolved "https://registry.yarnpkg.com/@aws-sdk/util-base64-browser/-/util-base64-browser-3.52.0.tgz#75cea9188b854948bf1229ce4de6df9d92ab572d"
  integrity sha512-xjv/cQ4goWXAiGEC/AIL/GtlHg4p4RkQKs6/zxn9jOxo1OnbppLMJ0LjCtv4/JVYIVGHrx0VJ8Exyod7Ln+NeA==
  dependencies:
    tslib "^2.3.0"

"@aws-sdk/util-base64-node@3.52.0":
  version "3.52.0"
  resolved "https://registry.yarnpkg.com/@aws-sdk/util-base64-node/-/util-base64-node-3.52.0.tgz#bc2000bb743d48973572e3e37849a38c878203b8"
  integrity sha512-V96YIXBuIiVu7Zk72Y9dly7Io9cYOT30Hjf77KAkBeizlFgT5gWklWYGcytPY8FxLuEy4dPLeHRmgwQnlDwgPA==
  dependencies:
    "@aws-sdk/util-buffer-from" "3.52.0"
    tslib "^2.3.0"

"@aws-sdk/util-body-length-browser@3.54.0":
  version "3.54.0"
  resolved "https://registry.yarnpkg.com/@aws-sdk/util-body-length-browser/-/util-body-length-browser-3.54.0.tgz#5fe43e94e7052203072a402f51b3d211352c26d7"
  integrity sha512-hnY9cXbKWJ2Fjb4bK35sFdD4vK+sFe59JtxxI336yYzANulc462LU/J1RgONXYBW60d9iwJ7U+S+9oTJrEH6WQ==
  dependencies:
    tslib "^2.3.0"

"@aws-sdk/util-body-length-node@3.54.0":
  version "3.54.0"
  resolved "https://registry.yarnpkg.com/@aws-sdk/util-body-length-node/-/util-body-length-node-3.54.0.tgz#930878d6ba2309eff13e25ea0abdb2eb0498671b"
  integrity sha512-BBQB3kqHqHQp2GAINJGuse9JBM7hfU0tMp9rfw0nym4C/VRooiJVrIb28tKseLtd7nihXvsZXPvEc2jQBe1Thg==
  dependencies:
    tslib "^2.3.0"

"@aws-sdk/util-buffer-from@3.52.0":
  version "3.52.0"
  resolved "https://registry.yarnpkg.com/@aws-sdk/util-buffer-from/-/util-buffer-from-3.52.0.tgz#3d16e1613c87d25f68cc33f82b43d3d0c7b36b8a"
  integrity sha512-hsG0lMlHjJUFoXIy59QLn6x4QU/vp/e0t3EjdD0t8aymB9iuJ43UeLjYTZdrOgtbWb8MXEF747vwg+P6n+4Lxw==
  dependencies:
    "@aws-sdk/is-array-buffer" "3.52.0"
    tslib "^2.3.0"

"@aws-sdk/util-config-provider@3.52.0":
  version "3.52.0"
  resolved "https://registry.yarnpkg.com/@aws-sdk/util-config-provider/-/util-config-provider-3.52.0.tgz#62a2598d30d3478b4d3e99ff310fd29dba4de5dd"
  integrity sha512-1wonBNkOOLJpMZnz2Kn69ToFgSoTTyGzJInir8WC5sME3zpkb5j41kTuEVbImNJhVv9MKjmGYrMeZbBVniLRPw==
  dependencies:
    tslib "^2.3.0"

"@aws-sdk/util-defaults-mode-browser@3.54.1":
  version "3.54.1"
  resolved "https://registry.yarnpkg.com/@aws-sdk/util-defaults-mode-browser/-/util-defaults-mode-browser-3.54.1.tgz#6fa8558cefe8fe464a1e9b339fd8b065300308c2"
  integrity sha512-914CZu8bGQsl3GV5QEzSOsvIadaMtoRZgFRa5XBPcA1yxdUZh7ZIf0cBBwGSKF2tI8Wupcq1WekJsTbVB+9hfg==
  dependencies:
    "@aws-sdk/property-provider" "3.54.1"
    "@aws-sdk/types" "3.54.1"
    bowser "^2.11.0"
    tslib "^2.3.0"

"@aws-sdk/util-defaults-mode-node@3.54.1":
  version "3.54.1"
  resolved "https://registry.yarnpkg.com/@aws-sdk/util-defaults-mode-node/-/util-defaults-mode-node-3.54.1.tgz#b0e0c5b9c055cae19223ab22f7801a85d42ecb90"
  integrity sha512-PhG9kevfNOBMqiRBWeFt0B2eeou5xmEr/f5JOVg7rNE8INXwJgRilpjG5f3uDYD25tAVUipLzOeGBx4ay0Y/Gw==
  dependencies:
    "@aws-sdk/config-resolver" "3.54.1"
    "@aws-sdk/credential-provider-imds" "3.54.1"
    "@aws-sdk/node-config-provider" "3.54.1"
    "@aws-sdk/property-provider" "3.54.1"
    "@aws-sdk/types" "3.54.1"
    tslib "^2.3.0"

"@aws-sdk/util-hex-encoding@3.52.0":
  version "3.52.0"
  resolved "https://registry.yarnpkg.com/@aws-sdk/util-hex-encoding/-/util-hex-encoding-3.52.0.tgz#62945cbf0107e326c03f9b2c489436186b1d2472"
  integrity sha512-YYMZg8odn/hBURgL/w82ay2mvPqXHMdujlSndT1ddUSTRoZX67N3hfYYf36nOalDOjNcanIvFHe4Fe8nw+8JiA==
  dependencies:
    tslib "^2.3.0"

"@aws-sdk/util-locate-window@^3.0.0":
  version "3.52.0"
  resolved "https://registry.yarnpkg.com/@aws-sdk/util-locate-window/-/util-locate-window-3.52.0.tgz#f6b68e74229a1f5932b43688f3774fbbb47f59d0"
  integrity sha512-l10U2cLko6070A9DYLJG4NMtwYH8JBG2J/E+RH8uY3lad2o6fGEIkJU0jQbWbUeHYLG3IWuCxT47V4gxYrFj7g==
  dependencies:
    tslib "^2.3.0"

"@aws-sdk/util-stream-browser@3.54.1":
  version "3.54.1"
  resolved "https://registry.yarnpkg.com/@aws-sdk/util-stream-browser/-/util-stream-browser-3.54.1.tgz#f0923a50320c85015a619448c08cc575f0321c87"
  integrity sha512-3IJdA/N88LBWpJhTtDxZv/Sk4AxE2Fk9Z4wBUsHVnslbcz1mhJ9WhqXKvjY0kWJK65AH3lTGTdK7ueU39L6AyA==
  dependencies:
    "@aws-sdk/types" "3.54.1"
    tslib "^2.3.0"

"@aws-sdk/util-stream-node@3.54.1":
  version "3.54.1"
  resolved "https://registry.yarnpkg.com/@aws-sdk/util-stream-node/-/util-stream-node-3.54.1.tgz#7603649d70c2ad6c0285b0c833b80d30a577dc47"
  integrity sha512-zAjPi3HrkG1NKalMLvuCi0vBZ4+GA21MxnduL7QcZL3HmQzF3DJiVQsuE3Q/ACqLTU2VNI7+ac/v8xR26dhlKw==
  dependencies:
    "@aws-sdk/types" "3.54.1"
    tslib "^2.3.0"

"@aws-sdk/util-uri-escape@3.52.0":
  version "3.52.0"
  resolved "https://registry.yarnpkg.com/@aws-sdk/util-uri-escape/-/util-uri-escape-3.52.0.tgz#73a3090601465ac90be8113e84bc6037bca54421"
  integrity sha512-W9zw5tE8syjg17jiCYtyF99F0FgDIekQdLg+tQGobw9EtCxlUdg48UYhifPfnjvVyADRX2ntclHF9NmhusOQaQ==
  dependencies:
    tslib "^2.3.0"

"@aws-sdk/util-user-agent-browser@3.54.1":
  version "3.54.1"
  resolved "https://registry.yarnpkg.com/@aws-sdk/util-user-agent-browser/-/util-user-agent-browser-3.54.1.tgz#1707423d2831c7dceaf83ec03c2e4461efab3ac7"
  integrity sha512-T2ZKGurRIZ4te91JBu95L/hhSm9HwPoFT4c0fhHAiwxgdB3AugDsRePOmGHrZxFEQm9j78Nh3Wh52v8QrAR1QQ==
  dependencies:
    "@aws-sdk/types" "3.54.1"
    bowser "^2.11.0"
    tslib "^2.3.0"

"@aws-sdk/util-user-agent-node@3.54.1":
  version "3.54.1"
  resolved "https://registry.yarnpkg.com/@aws-sdk/util-user-agent-node/-/util-user-agent-node-3.54.1.tgz#8efef71afa18e7ecaea90a8fd65a9552f0a5f6d9"
  integrity sha512-C9FYcV8Sqm1tGddphvi2A50oWyD7eeC/4E6VhPM53/XFYLKVCLOmZkSE2VCHFkmt4GCuyIruADDy4GY/eQ2eLw==
  dependencies:
    "@aws-sdk/node-config-provider" "3.54.1"
    "@aws-sdk/types" "3.54.1"
    tslib "^2.3.0"

"@aws-sdk/util-utf8-browser@3.52.0", "@aws-sdk/util-utf8-browser@^3.0.0":
  version "3.52.0"
  resolved "https://registry.yarnpkg.com/@aws-sdk/util-utf8-browser/-/util-utf8-browser-3.52.0.tgz#481421a0626f7c3941fe168aec85d305802faa98"
  integrity sha512-LuOMa9ajWu5fQuYkmvTlQZfHaITkSle+tM/vhbU4JquRN44VUKACjRGT7UEhoU3lCL1BD0JFGMQGHI+5Mmuwfg==
  dependencies:
    tslib "^2.3.0"

"@aws-sdk/util-utf8-node@3.52.0":
  version "3.52.0"
  resolved "https://registry.yarnpkg.com/@aws-sdk/util-utf8-node/-/util-utf8-node-3.52.0.tgz#c352e70127d3c7ed6c9dbbc7880f3cdefd01a521"
  integrity sha512-fujr7zeobZ2y5nnOnQZrCPPc+lCAhtNF/LEVslsQfd+AQ0bYWiosrKNetodQVWlfh10E2+i6/5g+1SBJ5kjsLw==
  dependencies:
    "@aws-sdk/util-buffer-from" "3.52.0"
    tslib "^2.3.0"

"@aws-sdk/util-waiter@3.54.1":
  version "3.54.1"
  resolved "https://registry.yarnpkg.com/@aws-sdk/util-waiter/-/util-waiter-3.54.1.tgz#6a993e1fc1ce15297c2bbe720005c254178c7bc1"
  integrity sha512-VEZmljR/mtCQiD0ZYm5d4Ngtb8iFyTU4ekJ6FYqYkkJ9b9CKpEAcffwBAERuDzHax/TVSOJci5PyGYDdVYd5IA==
  dependencies:
    "@aws-sdk/abort-controller" "3.54.1"
    "@aws-sdk/types" "3.54.1"
    tslib "^2.3.0"

"@aws-sdk/xml-builder@3.52.0":
  version "3.52.0"
  resolved "https://registry.yarnpkg.com/@aws-sdk/xml-builder/-/xml-builder-3.52.0.tgz#6d82405017fb87b5958b4e06693ab7337816614e"
  integrity sha512-GMdcxdwDZuIMlGnewdB48bpj8eqA3nubs3biy6vRFX8zhv8OqD+m5fMinoEwD8/MGqWE3WD7VZlbbdwYtNVWzQ==
  dependencies:
    tslib "^2.3.0"

"@ryyppy/rescript-promise@^2.1.0":
  version "2.1.0"
  resolved "https://registry.yarnpkg.com/@ryyppy/rescript-promise/-/rescript-promise-2.1.0.tgz#a33861274c41360cfbe872cf489f3dcb8dd526e6"
  integrity sha512-+dW6msBrj2Lr2hbEMX+HoWCvN89qVjl94RwbYWJgHQuj8jm/izdPC0YzxgpGoEFdeAEW2sOozoLcYHxT6o5WXQ==

bowser@^2.11.0:
  version "2.11.0"
  resolved "https://registry.yarnpkg.com/bowser/-/bowser-2.11.0.tgz#5ca3c35757a7aa5771500c70a73a9f91ef420a8f"
  integrity sha512-AlcaJBi/pqqJBIQ8U9Mcpc9i8Aqxn88Skv5d+xBX006BY5u8N3mGLHa5Lgppa7L/HfwgwLgZ6NYs+Ag6uUmJRA==

entities@2.2.0:
  version "2.2.0"
  resolved "https://registry.yarnpkg.com/entities/-/entities-2.2.0.tgz#098dc90ebb83d8dffa089d55256b351d34c4da55"
  integrity sha512-p92if5Nz619I0w+akJrLZH0MX0Pb5DX39XOwQTtXSdQQOaYH03S1uIQp4mhOZtAXrxq4ViO67YTiLBo2638o9A==

fast-xml-parser@3.19.0:
  version "3.19.0"
  resolved "https://registry.yarnpkg.com/fast-xml-parser/-/fast-xml-parser-3.19.0.tgz#cb637ec3f3999f51406dd8ff0e6fc4d83e520d01"
  integrity sha512-4pXwmBplsCPv8FOY1WRakF970TjNGnGnfbOnLqjlYvMiF1SR3yOHyxMR/YCXpPTOspNF5gwudqktIP4VsWkvBg==

rescript-nodejs@^14.2.0:
  version "14.2.0"
  resolved "https://registry.yarnpkg.com/rescript-nodejs/-/rescript-nodejs-14.2.0.tgz#bb5963ce1df0dd688843365124333cb420238c09"
  integrity sha512-5sDS92hqYG4Q6hc6n+7YURGvlIfvcr0uGklu/wHHGWjQ/WZddN7Ty0FIXCUvSqL9C67YIMa1IxKpiL9pJfD2Kg==

rescript-nodejs@^14.3.1:
  version "14.3.1"
  resolved "https://registry.yarnpkg.com/rescript-nodejs/-/rescript-nodejs-14.3.1.tgz#a22c907f5fcf881bab37c8921b670029ed76b2a5"
  integrity sha512-oiQo2Rd6lb8TAkB6NT3IVFJcKanSoIC9+SrBTT6OKQtGvAIi6Dd9CNoGA4pbOUXcg8+lza6vhy/YWYzYBYKt3g==

rescript@*:
  version "9.1.4"
  resolved "https://registry.yarnpkg.com/rescript/-/rescript-9.1.4.tgz#1eb126f98d6c16942c0bf0df67c050198e580515"
  integrity sha512-aXANK4IqecJzdnDpJUsU6pxMViCR5ogAxzuqS0mOr8TloMnzAjJFu63fjD6LCkWrKAhlMkFFzQvVQYaAaVkFXw==

tslib@^1.11.1:
  version "1.14.1"
  resolved "https://registry.yarnpkg.com/tslib/-/tslib-1.14.1.tgz#cf2d38bdc34a134bcaf1091c41f6619e2f672d00"
  integrity sha512-Xni35NKzjgMrwevysHTCArtLDpPvye8zV/0E4EyYn43P7/7qvQwPh9BGkHewbMulVntbigmcT7rdX3BNo9wRJg==

tslib@^2.3.0:
  version "2.3.1"
  resolved "https://registry.yarnpkg.com/tslib/-/tslib-2.3.1.tgz#e8a335add5ceae51aa261d32a490158ef042ef01"
  integrity sha512-77EbyPPpMz+FRFRuAFlWMtmgUWGe9UOG2Z25NqCwiIjRhOf5iKGuzSe5P2w1laq+FkRy4p+PCuVkJSGkzTEKVw==

uuid@^8.3.2:
  version "8.3.2"
  resolved "https://registry.yarnpkg.com/uuid/-/uuid-8.3.2.tgz#80d5b5ced271bb9af6c445f21a1a04c606cefbe2"
  integrity sha512-+NYs2QeMWy+GWFOEm9xnn6HCDp0l7QBD7ml8zLUmJ+93Q5NF0NocErnwkTkXVFNiX3/fpC6afS8Dhb/gz7R7eg==
