# This file is generated by running "yarn install" inside your project.
# Manual changes might be lost - proceed with caution!

__metadata:
  version: 5
  cacheKey: 8

"@aws-crypto/crc32@npm:^1.0.0":
  version: 1.2.1
  resolution: "@aws-crypto/crc32@npm:1.2.1"
  dependencies:
    "@aws-crypto/util": ^1.2.1
    "@aws-sdk/types": ^3.1.0
    tslib: ^1.11.1
  checksum: fd5a5c486e3add7261991ef31b0957657be62606fe1beb37d2b188b7f7c01195a7762aaabd0ac4655499c7d3386690e74f9ef1b7a8e7599ed3fab02e0e602b06
  languageName: node
  linkType: hard

"@aws-crypto/ie11-detection@npm:^1.0.0":
  version: 1.0.0
  resolution: "@aws-crypto/ie11-detection@npm:1.0.0"
  dependencies:
    tslib: ^1.11.1
  checksum: c6d157a0ca81e34f22efc9434b72c9fc657131f4d0b63db7271e08b31f9706a25d88d753e57e792b6ab2cb266527599dd997db389f3ec4562c26ffe10abcdc81
  languageName: node
  linkType: hard

"@aws-crypto/sha256-browser@npm:^1.0.0":
  version: 1.2.1
  resolution: "@aws-crypto/sha256-browser@npm:1.2.1"
  dependencies:
    "@aws-crypto/ie11-detection": ^1.0.0
    "@aws-crypto/sha256-js": ^1.2.1
    "@aws-crypto/supports-web-crypto": ^1.0.0
    "@aws-crypto/util": ^1.2.1
    "@aws-sdk/types": ^3.1.0
    "@aws-sdk/util-locate-window": ^3.0.0
    tslib: ^1.11.1
  checksum: 15b4da2e1e40a406975f027d661da05bd6b11bd6ce2cadfef4b049ca1b06ae7c8d7444c33b19475a508be58beba0004f39eb3898faf44a755ece877dcbce2cfc
  languageName: node
  linkType: hard

"@aws-crypto/sha256-js@npm:^1.0.0, @aws-crypto/sha256-js@npm:^1.2.1":
  version: 1.2.1
  resolution: "@aws-crypto/sha256-js@npm:1.2.1"
  dependencies:
    "@aws-crypto/util": ^1.2.1
    "@aws-sdk/types": ^3.1.0
    tslib: ^1.11.1
  checksum: 15ea6da4860db05732cdf11493d7e2539f75566cd14523752528b19fb40dd2ec6e3f28ee7619aa9a780fe2d8b7a12789ba1d2e62c1fe7136f7c2d32a0468603d
  languageName: node
  linkType: hard

"@aws-crypto/supports-web-crypto@npm:^1.0.0":
  version: 1.0.0
  resolution: "@aws-crypto/supports-web-crypto@npm:1.0.0"
  dependencies:
    tslib: ^1.11.1
  checksum: 2d5878e3d5e2b7c94b51e33ceaa2e0d350dcc31067f557a4e598f80681dc4d1c5437e69db45f0b76f4e0a1cee2dbe4ccb1b25ea33ec70fef26b03db70106ab4a
  languageName: node
  linkType: hard

"@aws-crypto/util@npm:^1.2.1":
  version: 1.2.1
  resolution: "@aws-crypto/util@npm:1.2.1"
  dependencies:
    "@aws-sdk/types": ^3.1.0
    "@aws-sdk/util-utf8-browser": ^3.0.0
    tslib: ^1.11.1
  checksum: 1b14ca51bfe533532829fe63832b34b4da8ee2ad22bcf388e914c78f77b08e61b9bffce4e2ed05635467f95bdb6a5a64152d26cc17261241d750f955dea63bea
  languageName: node
  linkType: hard

"@aws-sdk/abort-controller@npm:3.36.0":
  version: 3.36.0
  resolution: "@aws-sdk/abort-controller@npm:3.36.0"
  dependencies:
    "@aws-sdk/types": 3.36.0
    tslib: ^2.3.0
  checksum: a89f1a7b7ddcb6d81b8a53b6af9ee733f659d43864f5eb3d3820079de94a90bde73de14d76fa62c1eee9b101aa624c1f2577fc487d36d947a5662c3a0f41ff97
  languageName: node
  linkType: hard

"@aws-sdk/chunked-blob-reader-native@npm:3.36.0":
  version: 3.36.0
  resolution: "@aws-sdk/chunked-blob-reader-native@npm:3.36.0"
  dependencies:
    "@aws-sdk/util-base64-browser": 3.36.0
    tslib: ^2.3.0
  checksum: bee4479e3f6848ebe4a583b1d5ef1edd22be69c10b3659ac265bc19922f439840a2434539f6603666578643b1b00e3ade0d11e5fd7fa0a731c96126bb3962fa8
  languageName: node
  linkType: hard

"@aws-sdk/chunked-blob-reader@npm:3.36.0":
  version: 3.36.0
  resolution: "@aws-sdk/chunked-blob-reader@npm:3.36.0"
  dependencies:
    tslib: ^2.3.0
  checksum: fbff8998d7b9c419a7323192d8dc894e1a838a21fea37ef905b4d995f7d6a9307472c627e7e8ad90571a859cd3f9c0f3e34321149d5cc52e169309f1186ba62f
  languageName: node
  linkType: hard

"@aws-sdk/client-s3@npm:^3.36.0":
  version: 3.36.0
  resolution: "@aws-sdk/client-s3@npm:3.36.0"
  dependencies:
    "@aws-crypto/sha256-browser": ^1.0.0
    "@aws-crypto/sha256-js": ^1.0.0
    "@aws-sdk/client-sts": 3.36.0
    "@aws-sdk/config-resolver": 3.36.0
    "@aws-sdk/credential-provider-node": 3.36.0
    "@aws-sdk/eventstream-serde-browser": 3.36.0
    "@aws-sdk/eventstream-serde-config-resolver": 3.36.0
    "@aws-sdk/eventstream-serde-node": 3.36.0
    "@aws-sdk/fetch-http-handler": 3.36.0
    "@aws-sdk/hash-blob-browser": 3.36.0
    "@aws-sdk/hash-node": 3.36.0
    "@aws-sdk/hash-stream-node": 3.36.0
    "@aws-sdk/invalid-dependency": 3.36.0
    "@aws-sdk/md5-js": 3.36.0
    "@aws-sdk/middleware-apply-body-checksum": 3.36.0
    "@aws-sdk/middleware-bucket-endpoint": 3.36.0
    "@aws-sdk/middleware-content-length": 3.36.0
    "@aws-sdk/middleware-expect-continue": 3.36.0
    "@aws-sdk/middleware-host-header": 3.36.0
    "@aws-sdk/middleware-location-constraint": 3.36.0
    "@aws-sdk/middleware-logger": 3.36.0
    "@aws-sdk/middleware-retry": 3.36.0
    "@aws-sdk/middleware-sdk-s3": 3.36.0
    "@aws-sdk/middleware-serde": 3.36.0
    "@aws-sdk/middleware-signing": 3.36.0
    "@aws-sdk/middleware-ssec": 3.36.0
    "@aws-sdk/middleware-stack": 3.36.0
    "@aws-sdk/middleware-user-agent": 3.36.0
    "@aws-sdk/node-config-provider": 3.36.0
    "@aws-sdk/node-http-handler": 3.36.0
    "@aws-sdk/protocol-http": 3.36.0
    "@aws-sdk/smithy-client": 3.36.0
    "@aws-sdk/types": 3.36.0
    "@aws-sdk/url-parser": 3.36.0
    "@aws-sdk/util-base64-browser": 3.36.0
    "@aws-sdk/util-base64-node": 3.36.0
    "@aws-sdk/util-body-length-browser": 3.36.0
    "@aws-sdk/util-body-length-node": 3.36.0
    "@aws-sdk/util-user-agent-browser": 3.36.0
    "@aws-sdk/util-user-agent-node": 3.36.0
    "@aws-sdk/util-utf8-browser": 3.36.0
    "@aws-sdk/util-utf8-node": 3.36.0
    "@aws-sdk/util-waiter": 3.36.0
    "@aws-sdk/xml-builder": 3.36.0
    entities: 2.2.0
    fast-xml-parser: 3.19.0
    tslib: ^2.3.0
  checksum: f2c05cf13623c544e0f514c4164c6d16c6fbd19428ea29c8ff341d257bda5fa716fecf5f161953c71d13091b9597d45e896633a0c1938076fd3f822c143003c5
  languageName: node
  linkType: hard

"@aws-sdk/client-sso@npm:3.36.0":
  version: 3.36.0
  resolution: "@aws-sdk/client-sso@npm:3.36.0"
  dependencies:
    "@aws-crypto/sha256-browser": ^1.0.0
    "@aws-crypto/sha256-js": ^1.0.0
    "@aws-sdk/config-resolver": 3.36.0
    "@aws-sdk/fetch-http-handler": 3.36.0
    "@aws-sdk/hash-node": 3.36.0
    "@aws-sdk/invalid-dependency": 3.36.0
    "@aws-sdk/middleware-content-length": 3.36.0
    "@aws-sdk/middleware-host-header": 3.36.0
    "@aws-sdk/middleware-logger": 3.36.0
    "@aws-sdk/middleware-retry": 3.36.0
    "@aws-sdk/middleware-serde": 3.36.0
    "@aws-sdk/middleware-stack": 3.36.0
    "@aws-sdk/middleware-user-agent": 3.36.0
    "@aws-sdk/node-config-provider": 3.36.0
    "@aws-sdk/node-http-handler": 3.36.0
    "@aws-sdk/protocol-http": 3.36.0
    "@aws-sdk/smithy-client": 3.36.0
    "@aws-sdk/types": 3.36.0
    "@aws-sdk/url-parser": 3.36.0
    "@aws-sdk/util-base64-browser": 3.36.0
    "@aws-sdk/util-base64-node": 3.36.0
    "@aws-sdk/util-body-length-browser": 3.36.0
    "@aws-sdk/util-body-length-node": 3.36.0
    "@aws-sdk/util-user-agent-browser": 3.36.0
    "@aws-sdk/util-user-agent-node": 3.36.0
    "@aws-sdk/util-utf8-browser": 3.36.0
    "@aws-sdk/util-utf8-node": 3.36.0
    tslib: ^2.3.0
  checksum: b04b834367b1ff1457076f601edb334fe19f96985e914223bd7e8ee8533b6eb5433c4a1eb1c8d56b0fe5d8be18788ed6b089d2b87d3041078eed3158b082a2d8
  languageName: node
  linkType: hard

"@aws-sdk/client-sts@npm:3.36.0":
  version: 3.36.0
  resolution: "@aws-sdk/client-sts@npm:3.36.0"
  dependencies:
    "@aws-crypto/sha256-browser": ^1.0.0
    "@aws-crypto/sha256-js": ^1.0.0
    "@aws-sdk/config-resolver": 3.36.0
    "@aws-sdk/credential-provider-node": 3.36.0
    "@aws-sdk/fetch-http-handler": 3.36.0
    "@aws-sdk/hash-node": 3.36.0
    "@aws-sdk/invalid-dependency": 3.36.0
    "@aws-sdk/middleware-content-length": 3.36.0
    "@aws-sdk/middleware-host-header": 3.36.0
    "@aws-sdk/middleware-logger": 3.36.0
    "@aws-sdk/middleware-retry": 3.36.0
    "@aws-sdk/middleware-sdk-sts": 3.36.0
    "@aws-sdk/middleware-serde": 3.36.0
    "@aws-sdk/middleware-signing": 3.36.0
    "@aws-sdk/middleware-stack": 3.36.0
    "@aws-sdk/middleware-user-agent": 3.36.0
    "@aws-sdk/node-config-provider": 3.36.0
    "@aws-sdk/node-http-handler": 3.36.0
    "@aws-sdk/protocol-http": 3.36.0
    "@aws-sdk/smithy-client": 3.36.0
    "@aws-sdk/types": 3.36.0
    "@aws-sdk/url-parser": 3.36.0
    "@aws-sdk/util-base64-browser": 3.36.0
    "@aws-sdk/util-base64-node": 3.36.0
    "@aws-sdk/util-body-length-browser": 3.36.0
    "@aws-sdk/util-body-length-node": 3.36.0
    "@aws-sdk/util-user-agent-browser": 3.36.0
    "@aws-sdk/util-user-agent-node": 3.36.0
    "@aws-sdk/util-utf8-browser": 3.36.0
    "@aws-sdk/util-utf8-node": 3.36.0
    entities: 2.2.0
    fast-xml-parser: 3.19.0
    tslib: ^2.3.0
  checksum: 63b1997c8289921c2c220147ef36357a9785f348409d760c9f966951df30d9e28e8e6298d57ca2d5ad8c4977517634816674c487377f7ba2109339e290dafc90
  languageName: node
  linkType: hard

"@aws-sdk/config-resolver@npm:3.36.0":
  version: 3.36.0
  resolution: "@aws-sdk/config-resolver@npm:3.36.0"
  dependencies:
    "@aws-sdk/signature-v4": 3.36.0
    "@aws-sdk/types": 3.36.0
    tslib: ^2.3.0
  checksum: 11adbc500ac6e039f0fd9501aec8e078d368dacadafe70a886d4f0c096260ca14e4d4d5e4f4beec9c3e5f4cbea904160e3ef0510c0e3dfea9265f86156ca76fc
  languageName: node
  linkType: hard

"@aws-sdk/credential-provider-env@npm:3.36.0":
  version: 3.36.0
  resolution: "@aws-sdk/credential-provider-env@npm:3.36.0"
  dependencies:
    "@aws-sdk/property-provider": 3.36.0
    "@aws-sdk/types": 3.36.0
    tslib: ^2.3.0
  checksum: f31181a92f5f501b3b9cfe93fb6639e47e3c43a2d21d4d1a26f153df0e1cb18c64b69b957ce463b7761768eb9c451156f72fcf3bbea3580e09ebb8e7473539e2
  languageName: node
  linkType: hard

"@aws-sdk/credential-provider-imds@npm:3.36.0":
  version: 3.36.0
  resolution: "@aws-sdk/credential-provider-imds@npm:3.36.0"
  dependencies:
    "@aws-sdk/node-config-provider": 3.36.0
    "@aws-sdk/property-provider": 3.36.0
    "@aws-sdk/types": 3.36.0
    "@aws-sdk/url-parser": 3.36.0
    tslib: ^2.3.0
  checksum: ea47acd5f9d770fb6bd3f27e910d7242fd83810d2054467e98d12685ffb2ef01b64cf4a91f4808da4a66897ac2ca56087aedd8f51b5bee18d6b4b0f8558f44d8
  languageName: node
  linkType: hard

"@aws-sdk/credential-provider-ini@npm:3.36.0":
  version: 3.36.0
  resolution: "@aws-sdk/credential-provider-ini@npm:3.36.0"
  dependencies:
    "@aws-sdk/credential-provider-env": 3.36.0
    "@aws-sdk/credential-provider-imds": 3.36.0
    "@aws-sdk/credential-provider-sso": 3.36.0
    "@aws-sdk/credential-provider-web-identity": 3.36.0
    "@aws-sdk/property-provider": 3.36.0
    "@aws-sdk/shared-ini-file-loader": 3.36.0
    "@aws-sdk/types": 3.36.0
    "@aws-sdk/util-credentials": 3.36.0
    tslib: ^2.3.0
  checksum: 01d90010d3943b72dc7dbfae60c1ee2e741a3b37314436a5469f0825930db0702672d085f4a7e1eabf55b1ba7e8e96d663d40e1efa6dec626f34b9ad6cb11b63
  languageName: node
  linkType: hard

"@aws-sdk/credential-provider-node@npm:3.36.0":
  version: 3.36.0
  resolution: "@aws-sdk/credential-provider-node@npm:3.36.0"
  dependencies:
    "@aws-sdk/credential-provider-env": 3.36.0
    "@aws-sdk/credential-provider-imds": 3.36.0
    "@aws-sdk/credential-provider-ini": 3.36.0
    "@aws-sdk/credential-provider-process": 3.36.0
    "@aws-sdk/credential-provider-sso": 3.36.0
    "@aws-sdk/credential-provider-web-identity": 3.36.0
    "@aws-sdk/property-provider": 3.36.0
    "@aws-sdk/shared-ini-file-loader": 3.36.0
    "@aws-sdk/types": 3.36.0
    "@aws-sdk/util-credentials": 3.36.0
    tslib: ^2.3.0
  checksum: 48f6ca616c1412bac4a1c9c38680e6d45d39b635088c9ea1f65ba8949f03487b83035b8611e12123e0fcf7d17771f5fdcb57e3185590201497dda54c9968070a
  languageName: node
  linkType: hard

"@aws-sdk/credential-provider-process@npm:3.36.0":
  version: 3.36.0
  resolution: "@aws-sdk/credential-provider-process@npm:3.36.0"
  dependencies:
    "@aws-sdk/property-provider": 3.36.0
    "@aws-sdk/shared-ini-file-loader": 3.36.0
    "@aws-sdk/types": 3.36.0
    "@aws-sdk/util-credentials": 3.36.0
    tslib: ^2.3.0
  checksum: 62fa7d46a634d1ddee03f5d6f8e36226867ba7d928681be1b986cb6e0f86720fbbc7268e3db8d66d1742fc761cee8a80c6b4e6b9c2d3b4ec3c1203f68739f3a4
  languageName: node
  linkType: hard

"@aws-sdk/credential-provider-sso@npm:3.36.0":
  version: 3.36.0
  resolution: "@aws-sdk/credential-provider-sso@npm:3.36.0"
  dependencies:
    "@aws-sdk/client-sso": 3.36.0
    "@aws-sdk/property-provider": 3.36.0
    "@aws-sdk/shared-ini-file-loader": 3.36.0
    "@aws-sdk/types": 3.36.0
    "@aws-sdk/util-credentials": 3.36.0
    tslib: ^2.3.0
  checksum: 7b6ef280699ce5d274b22f006ce2128cfe74884ddc79cdb80d33e5a9b2205f347d8e0a8a09cd48d7f20dd605792b9d731222b12febadb12588e3d500ad3a61e1
  languageName: node
  linkType: hard

"@aws-sdk/credential-provider-web-identity@npm:3.36.0":
  version: 3.36.0
  resolution: "@aws-sdk/credential-provider-web-identity@npm:3.36.0"
  dependencies:
    "@aws-sdk/property-provider": 3.36.0
    "@aws-sdk/types": 3.36.0
    tslib: ^2.3.0
  checksum: 086d6a6106187898787cdd2f95675ad51428c7a07dcae99094ee53b4f9b2349afddffd47b8a1e9b5ddf5933e5dad707743ce240369687becb8bf93c793c8dfba
  languageName: node
  linkType: hard

"@aws-sdk/eventstream-marshaller@npm:3.36.0":
  version: 3.36.0
  resolution: "@aws-sdk/eventstream-marshaller@npm:3.36.0"
  dependencies:
    "@aws-crypto/crc32": ^1.0.0
    "@aws-sdk/types": 3.36.0
    "@aws-sdk/util-hex-encoding": 3.36.0
    tslib: ^2.3.0
  checksum: e8b5bac78b169b9fabaed59a69d6c1a440a9e6aa39aa19b635a9b966a2c674248daa828691aeccdc95f7c833395e719dd94227e6257e6866610becafcd8fd960
  languageName: node
  linkType: hard

"@aws-sdk/eventstream-serde-browser@npm:3.36.0":
  version: 3.36.0
  resolution: "@aws-sdk/eventstream-serde-browser@npm:3.36.0"
  dependencies:
    "@aws-sdk/eventstream-marshaller": 3.36.0
    "@aws-sdk/eventstream-serde-universal": 3.36.0
    "@aws-sdk/types": 3.36.0
    tslib: ^2.3.0
  checksum: 94cadebe397bb4be316d4da072f9d0d52462fa42aa4acc90090919fa04c3cb0f118eae0b14026338de32994f64f356f92370a2b967479a718e5499125c80439a
  languageName: node
  linkType: hard

"@aws-sdk/eventstream-serde-config-resolver@npm:3.36.0":
  version: 3.36.0
  resolution: "@aws-sdk/eventstream-serde-config-resolver@npm:3.36.0"
  dependencies:
    "@aws-sdk/types": 3.36.0
    tslib: ^2.3.0
  checksum: 044cf55a9e93b7e9b2f87b906e5719b5c572e80785e2be3a4a273d7f5c723971659aadd2c38ebd0b119fb96e3ca0f7c6d8e69bd7b8271443fb691c7a3ac2e1cd
  languageName: node
  linkType: hard

"@aws-sdk/eventstream-serde-node@npm:3.36.0":
  version: 3.36.0
  resolution: "@aws-sdk/eventstream-serde-node@npm:3.36.0"
  dependencies:
    "@aws-sdk/eventstream-marshaller": 3.36.0
    "@aws-sdk/eventstream-serde-universal": 3.36.0
    "@aws-sdk/types": 3.36.0
    tslib: ^2.3.0
  checksum: 560a6302991707e98c68a8449e74eb7bce8abf19d6a80a4207b52807f483c721c17be04ab88cd3e320a5670e317ed05bc5b317399183f92708314cd05af82ace
  languageName: node
  linkType: hard

"@aws-sdk/eventstream-serde-universal@npm:3.36.0":
  version: 3.36.0
  resolution: "@aws-sdk/eventstream-serde-universal@npm:3.36.0"
  dependencies:
    "@aws-sdk/eventstream-marshaller": 3.36.0
    "@aws-sdk/types": 3.36.0
    tslib: ^2.3.0
  checksum: 1aaa67488d8b959c2854d5832c76ac18de9814630e2195d0520790a40520aa97ba70bd96dd098a9665e4617c72c2d9d2ee50115f6b600096e933f735abd46b90
  languageName: node
  linkType: hard

"@aws-sdk/fetch-http-handler@npm:3.36.0":
  version: 3.36.0
  resolution: "@aws-sdk/fetch-http-handler@npm:3.36.0"
  dependencies:
    "@aws-sdk/protocol-http": 3.36.0
    "@aws-sdk/querystring-builder": 3.36.0
    "@aws-sdk/types": 3.36.0
    "@aws-sdk/util-base64-browser": 3.36.0
    tslib: ^2.3.0
  checksum: 303d7474cd855f98fdb0c01a3a690eefc168040b787c499e8a13cf2f884afd6c3a8b2ee6d530b6eaa2507db943e8a7516b506abbcdb43ff449a66309ed269cc9
  languageName: node
  linkType: hard

"@aws-sdk/hash-blob-browser@npm:3.36.0":
  version: 3.36.0
  resolution: "@aws-sdk/hash-blob-browser@npm:3.36.0"
  dependencies:
    "@aws-sdk/chunked-blob-reader": 3.36.0
    "@aws-sdk/chunked-blob-reader-native": 3.36.0
    "@aws-sdk/types": 3.36.0
    tslib: ^2.3.0
  checksum: 31177b903df25a63a5c043a966c8296c97f9dad13d293332fbd64fedfa78d04c9570185e5d912e8eeec0b3e416bbd1e72da13e290c033715f4784fe847011532
  languageName: node
  linkType: hard

"@aws-sdk/hash-node@npm:3.36.0":
  version: 3.36.0
  resolution: "@aws-sdk/hash-node@npm:3.36.0"
  dependencies:
    "@aws-sdk/types": 3.36.0
    "@aws-sdk/util-buffer-from": 3.36.0
    tslib: ^2.3.0
  checksum: e45132da0f9fbe9ec7badd91ed1ba6a46e98da11425af483b9b6aa4b98982b7e9b815a981ba9da41bff71beeab71f241352f410415f84af024002f92cbc7141e
  languageName: node
  linkType: hard

"@aws-sdk/hash-stream-node@npm:3.36.0":
  version: 3.36.0
  resolution: "@aws-sdk/hash-stream-node@npm:3.36.0"
  dependencies:
    "@aws-sdk/types": 3.36.0
    tslib: ^2.3.0
  checksum: 8e9470f14b501787741e79cee39e8472449ef144835860478e22bc25e0609aac40d1eceb2a3c7ff2835d89830c8669151429d5e5efe7cf1ce8354721b5821ef3
  languageName: node
  linkType: hard

"@aws-sdk/invalid-dependency@npm:3.36.0":
  version: 3.36.0
  resolution: "@aws-sdk/invalid-dependency@npm:3.36.0"
  dependencies:
    "@aws-sdk/types": 3.36.0
    tslib: ^2.3.0
  checksum: f8ef584e55690bbc5ecf8a600381b430f3307536b3bf20602b8a66536af805b618c752685228bd8d2f5e3a6e339b4e70ae7e03090e2e42ece94a3adaded06a68
  languageName: node
  linkType: hard

"@aws-sdk/is-array-buffer@npm:3.36.0":
  version: 3.36.0
  resolution: "@aws-sdk/is-array-buffer@npm:3.36.0"
  dependencies:
    tslib: ^2.3.0
  checksum: 12dbd0ce0cb6826f295fbb6abb77b4fbc1721b0ce886b61fe5f39884bf00e6998e6c70699d0959c8c8e335b90d08f98a56fe1ae40831f0ded9955eeb8fe88501
  languageName: node
  linkType: hard

"@aws-sdk/md5-js@npm:3.36.0":
  version: 3.36.0
  resolution: "@aws-sdk/md5-js@npm:3.36.0"
  dependencies:
    "@aws-sdk/types": 3.36.0
    "@aws-sdk/util-utf8-browser": 3.36.0
    "@aws-sdk/util-utf8-node": 3.36.0
    tslib: ^2.3.0
  checksum: 6997b6107267431bae1a03d65d39e661ecf85caa56812778e98ead1032ca3731e6358860817844a2a2b071d8a26b7341e4063b40be50bab1b7e3bd7f7b62de97
  languageName: node
  linkType: hard

"@aws-sdk/middleware-apply-body-checksum@npm:3.36.0":
  version: 3.36.0
  resolution: "@aws-sdk/middleware-apply-body-checksum@npm:3.36.0"
  dependencies:
    "@aws-sdk/is-array-buffer": 3.36.0
    "@aws-sdk/protocol-http": 3.36.0
    "@aws-sdk/types": 3.36.0
    tslib: ^2.3.0
  checksum: af210c3805b6ebfba25f06d5627f1ec03e04a007f362828019356548efc7bb97966913657e3d68885b6649257be0ba3ef9bf11f088d0f8c41c89fb50f2ffe3e6
  languageName: node
  linkType: hard

"@aws-sdk/middleware-bucket-endpoint@npm:3.36.0":
  version: 3.36.0
  resolution: "@aws-sdk/middleware-bucket-endpoint@npm:3.36.0"
  dependencies:
    "@aws-sdk/protocol-http": 3.36.0
    "@aws-sdk/types": 3.36.0
    "@aws-sdk/util-arn-parser": 3.36.0
    tslib: ^2.3.0
  checksum: 1fe1c52fb4da53fbae5d7368af9d1aef99a5391330287e89ad1f6e126a9a601ac768511e54486deadb27bffe8c32ef4f56d2399b98497be8337bbed289c4f72f
  languageName: node
  linkType: hard

"@aws-sdk/middleware-content-length@npm:3.36.0":
  version: 3.36.0
  resolution: "@aws-sdk/middleware-content-length@npm:3.36.0"
  dependencies:
    "@aws-sdk/protocol-http": 3.36.0
    "@aws-sdk/types": 3.36.0
    tslib: ^2.3.0
  checksum: 4ebb17658d8706ae1b916cdcd631fe0f9cc9ccede968c53357ce79db96812a4a42695971b13043efe59f2d64544e57e5c8fb22240d51e916a14c160fb6c04f49
  languageName: node
  linkType: hard

"@aws-sdk/middleware-expect-continue@npm:3.36.0":
  version: 3.36.0
  resolution: "@aws-sdk/middleware-expect-continue@npm:3.36.0"
  dependencies:
    "@aws-sdk/middleware-header-default": 3.36.0
    "@aws-sdk/protocol-http": 3.36.0
    "@aws-sdk/types": 3.36.0
    tslib: ^2.3.0
  checksum: 212cae93825d86632923bfa2e0a2393ab14d426c4d6fa28bfaa64ae22aa1593615c4d1c0f69157a8df2b94762bec335e5cbb4b6a3b7eb54d52905f85d3ab4bf8
  languageName: node
  linkType: hard

"@aws-sdk/middleware-header-default@npm:3.36.0":
  version: 3.36.0
  resolution: "@aws-sdk/middleware-header-default@npm:3.36.0"
  dependencies:
    "@aws-sdk/protocol-http": 3.36.0
    "@aws-sdk/types": 3.36.0
    tslib: ^2.3.0
  checksum: d72672401b18fdcc514425ac45e6a6226a9dc7aa5918bc555dae3ccca0bd52032bde8529ec713ad9fe924836b322a6d7e506b1bc5f57d9345c8a67c44a607f5c
  languageName: node
  linkType: hard

"@aws-sdk/middleware-host-header@npm:3.36.0":
  version: 3.36.0
  resolution: "@aws-sdk/middleware-host-header@npm:3.36.0"
  dependencies:
    "@aws-sdk/protocol-http": 3.36.0
    "@aws-sdk/types": 3.36.0
    tslib: ^2.3.0
  checksum: f3f52000a801cea4769b3d6100eeeee40c0be1483ff4d951385e40a267a4801dd26cef69b1800509142ec307cf1ff79afd7a93449cb1ef208c7d457fff0ee4d7
  languageName: node
  linkType: hard

"@aws-sdk/middleware-location-constraint@npm:3.36.0":
  version: 3.36.0
  resolution: "@aws-sdk/middleware-location-constraint@npm:3.36.0"
  dependencies:
    "@aws-sdk/types": 3.36.0
    tslib: ^2.3.0
  checksum: 47e083861131de98e0616095da659876e4f7a8e01c7597ae812a2402f9250017399aa261502ba2daf2446f753893f7414cd0924169ddf5448f03e92c0e093691
  languageName: node
  linkType: hard

"@aws-sdk/middleware-logger@npm:3.36.0":
  version: 3.36.0
  resolution: "@aws-sdk/middleware-logger@npm:3.36.0"
  dependencies:
    "@aws-sdk/types": 3.36.0
    tslib: ^2.3.0
  checksum: decd1748dbdf680359f5c7075e6c9c37f57813175c281a5ee05f70e8ea3b742ef51ae50169aaa5adc5e4ef7ef73c8a15f2a080603d2279bea587978f72a64576
  languageName: node
  linkType: hard

"@aws-sdk/middleware-retry@npm:3.36.0":
  version: 3.36.0
  resolution: "@aws-sdk/middleware-retry@npm:3.36.0"
  dependencies:
    "@aws-sdk/protocol-http": 3.36.0
    "@aws-sdk/service-error-classification": 3.36.0
    "@aws-sdk/types": 3.36.0
    tslib: ^2.3.0
    uuid: ^8.3.2
  checksum: 0b29fceb8b74b2dd16a5ced6940fb89b99d23898e85dd70f3e27440a4687946eaff934066a8a64eb6381831579fb8c1c67a8040f4357c24b1c58db86734f4738
  languageName: node
  linkType: hard

"@aws-sdk/middleware-sdk-s3@npm:3.36.0":
  version: 3.36.0
  resolution: "@aws-sdk/middleware-sdk-s3@npm:3.36.0"
  dependencies:
    "@aws-sdk/protocol-http": 3.36.0
    "@aws-sdk/signature-v4": 3.36.0
    "@aws-sdk/types": 3.36.0
    "@aws-sdk/util-arn-parser": 3.36.0
    tslib: ^2.3.0
  peerDependencies:
    "@aws-sdk/signature-v4-crt": ^3.31.0
  checksum: ef05ea94bdfacd4a6de93a5a897ea8d40d39e62bd7e420a7de41592e40adfce18201a7bbac3d435b7bb642d97dcb0558164beb7220dbc7b7902125193b7cf18f
  languageName: node
  linkType: hard

"@aws-sdk/middleware-sdk-sts@npm:3.36.0":
  version: 3.36.0
  resolution: "@aws-sdk/middleware-sdk-sts@npm:3.36.0"
  dependencies:
    "@aws-sdk/middleware-signing": 3.36.0
    "@aws-sdk/property-provider": 3.36.0
    "@aws-sdk/protocol-http": 3.36.0
    "@aws-sdk/signature-v4": 3.36.0
    "@aws-sdk/types": 3.36.0
    tslib: ^2.3.0
  checksum: 518e000c9bb0d93c2c5b5034d34df0f02378074654d8869dbf74db8c3d368d492e2b2d21baa7b6423e56e016f76a1870edb424e001b794d37783efbbd983fe87
  languageName: node
  linkType: hard

"@aws-sdk/middleware-serde@npm:3.36.0":
  version: 3.36.0
  resolution: "@aws-sdk/middleware-serde@npm:3.36.0"
  dependencies:
    "@aws-sdk/types": 3.36.0
    tslib: ^2.3.0
  checksum: 8bda56df1048bb89933d89aca40385a37c4590e92bcdf691729a8cdde85df960b4d78f0fa56343944fa06545b17f810fe26b104330783c3adff69d01a982bc78
  languageName: node
  linkType: hard

"@aws-sdk/middleware-signing@npm:3.36.0":
  version: 3.36.0
  resolution: "@aws-sdk/middleware-signing@npm:3.36.0"
  dependencies:
    "@aws-sdk/property-provider": 3.36.0
    "@aws-sdk/protocol-http": 3.36.0
    "@aws-sdk/signature-v4": 3.36.0
    "@aws-sdk/types": 3.36.0
    tslib: ^2.3.0
  checksum: 6f13d076e22eaa6077767a7a63b99ffb6cf761d071879e94fcdc1bb442dd04137c7ee4973f3b65332f93f0a50dc75555d4bb20ee475e4cc5ff942b8954bcc6aa
  languageName: node
  linkType: hard

"@aws-sdk/middleware-ssec@npm:3.36.0":
  version: 3.36.0
  resolution: "@aws-sdk/middleware-ssec@npm:3.36.0"
  dependencies:
    "@aws-sdk/types": 3.36.0
    tslib: ^2.3.0
  checksum: f7af406ef205c07b825dfe2e5de32e556e87e694bfd28fdf806d74913972dcf50cb597544283cb04911928eeb8f23c97483a3a833cf3aa4963b6e0cc672816bc
  languageName: node
  linkType: hard

"@aws-sdk/middleware-stack@npm:3.36.0":
  version: 3.36.0
  resolution: "@aws-sdk/middleware-stack@npm:3.36.0"
  dependencies:
    tslib: ^2.3.0
  checksum: 51221e4902d2a9a73d535107b9a9c82b05ca2dae95a0d19f8d19c92f0066f501dde7a71ca73bed13b36b0feefcce1f6c405192176287fb84a77c4458020e87cb
  languageName: node
  linkType: hard

"@aws-sdk/middleware-user-agent@npm:3.36.0":
  version: 3.36.0
  resolution: "@aws-sdk/middleware-user-agent@npm:3.36.0"
  dependencies:
    "@aws-sdk/protocol-http": 3.36.0
    "@aws-sdk/types": 3.36.0
    tslib: ^2.3.0
  checksum: a9b75dce054a9e4a7e24d44675cf97fcef1c396f616f442fd04b1964f0fbe5475171cee0458932c65b211516d0e54ef1603a9db224807b8c4ba3b8080a5cd7ba
  languageName: node
  linkType: hard

"@aws-sdk/node-config-provider@npm:3.36.0":
  version: 3.36.0
  resolution: "@aws-sdk/node-config-provider@npm:3.36.0"
  dependencies:
    "@aws-sdk/property-provider": 3.36.0
    "@aws-sdk/shared-ini-file-loader": 3.36.0
    "@aws-sdk/types": 3.36.0
    tslib: ^2.3.0
  checksum: c955e15156c87b41d19d7dd613262dc1f8c2173c54c46d16e3f43e2670169752abee55a709bfa02d82a73de1f0e7563c9ec75a823a85bfb1f1e1d042b3d9b091
  languageName: node
  linkType: hard

"@aws-sdk/node-http-handler@npm:3.36.0":
  version: 3.36.0
  resolution: "@aws-sdk/node-http-handler@npm:3.36.0"
  dependencies:
    "@aws-sdk/abort-controller": 3.36.0
    "@aws-sdk/protocol-http": 3.36.0
    "@aws-sdk/querystring-builder": 3.36.0
    "@aws-sdk/types": 3.36.0
    tslib: ^2.3.0
  checksum: 621fae4d2fc8b15029f785e478af5073a5d8f9a31d0f9c0a8ed8dff3d0e9358f376430948952cd11aa231c38041bab8750031ffb8385b09f6d00ea4810804a5f
  languageName: node
  linkType: hard

"@aws-sdk/property-provider@npm:3.36.0":
  version: 3.36.0
  resolution: "@aws-sdk/property-provider@npm:3.36.0"
  dependencies:
    "@aws-sdk/types": 3.36.0
    tslib: ^2.3.0
  checksum: c4d61e3bde2d6db9c203c0657349c473bd9e0ff489b82f5e2bd9573966b80f5c8975c037a8b2268778bccc3d86e23e0a571d7b8e173db896dc3fdff7d3057853
  languageName: node
  linkType: hard

"@aws-sdk/protocol-http@npm:3.36.0":
  version: 3.36.0
  resolution: "@aws-sdk/protocol-http@npm:3.36.0"
  dependencies:
    "@aws-sdk/types": 3.36.0
    tslib: ^2.3.0
  checksum: dcf31a497da5649b255bf779b956262de137f274f90fca487b87fa328cbc24164c7a6dbc6fb8efa7c9d021fc01f3a704c8fea202940a781e9abe62f6f9c9a396
  languageName: node
  linkType: hard

"@aws-sdk/querystring-builder@npm:3.36.0":
  version: 3.36.0
  resolution: "@aws-sdk/querystring-builder@npm:3.36.0"
  dependencies:
    "@aws-sdk/types": 3.36.0
    "@aws-sdk/util-uri-escape": 3.36.0
    tslib: ^2.3.0
  checksum: 5a82a07d5a10f364013f44f64f03ab5978b21d3a24a7c0c44347749bb0945a5512255ccac1521901a0afeec639e0a0b574981515d669d0d205f0e96256d0f203
  languageName: node
  linkType: hard

"@aws-sdk/querystring-parser@npm:3.36.0":
  version: 3.36.0
  resolution: "@aws-sdk/querystring-parser@npm:3.36.0"
  dependencies:
    "@aws-sdk/types": 3.36.0
    tslib: ^2.3.0
  checksum: 20ed1002811cc38411797243a9ee85b14048a085df446b78b9cd14f368d74f527f4789f74130cbfdca93e9f9ef5d84c843a57a04c4404fbbc5e0891f82de4800
  languageName: node
  linkType: hard

"@aws-sdk/service-error-classification@npm:3.36.0":
  version: 3.36.0
  resolution: "@aws-sdk/service-error-classification@npm:3.36.0"
  checksum: 024eeb38f26dbe67b596b9cda7ed51c005ee444fdb06bcf885649af1f8fb714e1c102827e6c8c5d8299e19f56c753d765c4c46718e18fdbdd474b3fd39a9963b
  languageName: node
  linkType: hard

"@aws-sdk/shared-ini-file-loader@npm:3.36.0":
  version: 3.36.0
  resolution: "@aws-sdk/shared-ini-file-loader@npm:3.36.0"
  dependencies:
    tslib: ^2.3.0
  checksum: 852ffbf5a034dc762ae0b67b802f0c051959ab8eeece4405680fb975160941f653dfa003fd1158cc24b5baca22be3676574fcbb05a07307a72aadf97418ebceb
  languageName: node
  linkType: hard

"@aws-sdk/signature-v4@npm:3.36.0":
  version: 3.36.0
  resolution: "@aws-sdk/signature-v4@npm:3.36.0"
  dependencies:
    "@aws-sdk/is-array-buffer": 3.36.0
    "@aws-sdk/types": 3.36.0
    "@aws-sdk/util-hex-encoding": 3.36.0
    "@aws-sdk/util-uri-escape": 3.36.0
    tslib: ^2.3.0
  checksum: 224865aed207350c105e59491393596ec54f3d8572fe97f4b204c2f9d1fd2c9b09a1e59af812bc0bcb3f1c80b2715d83fff09bf332129a6d2166387918bc4aa1
  languageName: node
  linkType: hard

"@aws-sdk/smithy-client@npm:3.36.0":
  version: 3.36.0
  resolution: "@aws-sdk/smithy-client@npm:3.36.0"
  dependencies:
    "@aws-sdk/middleware-stack": 3.36.0
    "@aws-sdk/types": 3.36.0
    tslib: ^2.3.0
  checksum: 70d6f9c88712d113eaec15750ef42893a248f7f98d16bfe811347e5b3fd049f00ca95a0a1139adb140ac300d5ce2e4df99b4deac22a5163750dd334d230e3059
  languageName: node
  linkType: hard

"@aws-sdk/types@npm:3.36.0, @aws-sdk/types@npm:^3.1.0":
  version: 3.36.0
  resolution: "@aws-sdk/types@npm:3.36.0"
  checksum: e89c80b5a56921e8bbb2ea18c227782ee32d15147f89f83520e1626b3f84e59a0316aac24e7f1e3eec7b0e8bed552a230814196ffd7553f933749f9c30a10548
  languageName: node
  linkType: hard

"@aws-sdk/url-parser@npm:3.36.0":
  version: 3.36.0
  resolution: "@aws-sdk/url-parser@npm:3.36.0"
  dependencies:
    "@aws-sdk/querystring-parser": 3.36.0
    "@aws-sdk/types": 3.36.0
    tslib: ^2.3.0
  checksum: 0604b9eadc66a1fb5671aa025680d5ee769c10e62c4aeb9d3a7cc09b92562c90c954d41a3e1746fffd71074dfc8e4513cc8bd4b91f766502afa5499c4875c66c
  languageName: node
  linkType: hard

"@aws-sdk/util-arn-parser@npm:3.36.0":
  version: 3.36.0
  resolution: "@aws-sdk/util-arn-parser@npm:3.36.0"
  dependencies:
    tslib: ^2.3.0
  checksum: a4468f5baaf0bb75c0d31e193f75097f3eb0a59b863eb313f7183d909e1195256081038d08d0f8a036bd417b07b0884f2cd7835b4147f60ae1bc62da834380d8
  languageName: node
  linkType: hard

"@aws-sdk/util-base64-browser@npm:3.36.0":
  version: 3.36.0
  resolution: "@aws-sdk/util-base64-browser@npm:3.36.0"
  dependencies:
    tslib: ^2.3.0
  checksum: 53f147ecf23abb72fc1a13321fe4c020d01da67ab86fef60b11a32a0e001e135ac3c924f84ebec3ee37fc8c827d3e24998db4b210011c54192a23c7188ab1e32
  languageName: node
  linkType: hard

"@aws-sdk/util-base64-node@npm:3.36.0":
  version: 3.36.0
  resolution: "@aws-sdk/util-base64-node@npm:3.36.0"
  dependencies:
    "@aws-sdk/util-buffer-from": 3.36.0
    tslib: ^2.3.0
  checksum: 88b53159964564e9d3bc95bcb2bc07cc0a95ab15ce09893bf1191275ab45cc1663993fcc19e95d2a778d548f553758aa7f7694018cc6675758e63430aad2809c
  languageName: node
  linkType: hard

"@aws-sdk/util-body-length-browser@npm:3.36.0":
  version: 3.36.0
  resolution: "@aws-sdk/util-body-length-browser@npm:3.36.0"
  dependencies:
    tslib: ^2.3.0
  checksum: 9f482c93a75c5c807f6b969a7561a446fa7bbc618684eaed6402a140c7dc6c542edf49eb357846f037a82b2af61e8bdda6304e95922a579e21166ffbc844f8e8
  languageName: node
  linkType: hard

"@aws-sdk/util-body-length-node@npm:3.36.0":
  version: 3.36.0
  resolution: "@aws-sdk/util-body-length-node@npm:3.36.0"
  dependencies:
    tslib: ^2.3.0
  checksum: 015dbcf068961747cf14aa0255578af4a92fea6d029edb43818384e2ea62ded17301c1c0883fd51f0cffef2ec5c1daeeab02e80e7278346b55872720a4084462
  languageName: node
  linkType: hard

"@aws-sdk/util-buffer-from@npm:3.36.0":
  version: 3.36.0
  resolution: "@aws-sdk/util-buffer-from@npm:3.36.0"
  dependencies:
    "@aws-sdk/is-array-buffer": 3.36.0
    tslib: ^2.3.0
  checksum: b3c07035e3006c5aea85b7de302cb5aa1d59fbd5d04ab1b9b6c966befe8adc04d3ebdabbbbbc495e7beae483b06f61096dac8ed708567892210a7cb8673c15d3
  languageName: node
  linkType: hard

"@aws-sdk/util-credentials@npm:3.36.0":
  version: 3.36.0
  resolution: "@aws-sdk/util-credentials@npm:3.36.0"
  dependencies:
    "@aws-sdk/shared-ini-file-loader": 3.36.0
    tslib: ^2.3.0
  checksum: 19e273dfc3f63332cc9326e4f54a81c587a63c9c76a978a9452c312170cbc7d538386565a84230194a29cca592dc2690cb4e2ac211a967b766c53bf1e285b41b
  languageName: node
  linkType: hard

"@aws-sdk/util-hex-encoding@npm:3.36.0":
  version: 3.36.0
  resolution: "@aws-sdk/util-hex-encoding@npm:3.36.0"
  dependencies:
    tslib: ^2.3.0
  checksum: a900fddb47ececc7c73a135c569d29a2c0e25d2657cff56f2289e902094c4a6b381d6cd4942420971d733ba873beee8394fcb1e51bb18394ee428b0d36feb18a
  languageName: node
  linkType: hard

"@aws-sdk/util-locate-window@npm:^3.0.0":
  version: 3.36.0
  resolution: "@aws-sdk/util-locate-window@npm:3.36.0"
  dependencies:
    tslib: ^2.3.0
  checksum: 0bc11a3a71d3b1a8221c514bb1829f8a634d371a2d06713ffdf0698f65b1553ceb01e57df45aba988b3a9463cc74235234a00b212f510e7cbf0d1ebe0ba205b9
  languageName: node
  linkType: hard

"@aws-sdk/util-uri-escape@npm:3.36.0":
  version: 3.36.0
  resolution: "@aws-sdk/util-uri-escape@npm:3.36.0"
  dependencies:
    tslib: ^2.3.0
  checksum: 31b0f86df179ee8a74ae4a25b5b0cf7db4535df684219731a27a1c1babef41d8c1d4237e88e7115c655dd2b4ad0accb503d9d533d71eb4413ee91afaccf02d06
  languageName: node
  linkType: hard

"@aws-sdk/util-user-agent-browser@npm:3.36.0":
  version: 3.36.0
  resolution: "@aws-sdk/util-user-agent-browser@npm:3.36.0"
  dependencies:
    "@aws-sdk/types": 3.36.0
    bowser: ^2.11.0
    tslib: ^2.3.0
  checksum: 2abf16cfdd56c0814bdfb54988f4103f69b1f5c885e2266fe6dc04b22b58997c19c33e0fed7404139ebdcd5d3f592c70d1aa17776fa9b7d618460ee6851daa4c
  languageName: node
  linkType: hard

"@aws-sdk/util-user-agent-node@npm:3.36.0":
  version: 3.36.0
  resolution: "@aws-sdk/util-user-agent-node@npm:3.36.0"
  dependencies:
    "@aws-sdk/node-config-provider": 3.36.0
    "@aws-sdk/types": 3.36.0
    tslib: ^2.3.0
  checksum: 26885bfa24a1b34ad9a44a6b716530dbea0cc74d5d72626f8dbe6abe436bd6b2625e113d1504ddfc14995bb0f9e9d9f7247d28ec1399ed991e0f6c64d92c79ee
  languageName: node
  linkType: hard

"@aws-sdk/util-utf8-browser@npm:3.36.0, @aws-sdk/util-utf8-browser@npm:^3.0.0":
  version: 3.36.0
  resolution: "@aws-sdk/util-utf8-browser@npm:3.36.0"
  dependencies:
    tslib: ^2.3.0
  checksum: 637378fe8e8112ee51c57d80be83399320097264693281e2d2707872a21c5093f376997c99c0ac130310af6c36eca6dfc52a52442d618b584fcccefba5490aa8
  languageName: node
  linkType: hard

"@aws-sdk/util-utf8-node@npm:3.36.0":
  version: 3.36.0
  resolution: "@aws-sdk/util-utf8-node@npm:3.36.0"
  dependencies:
    "@aws-sdk/util-buffer-from": 3.36.0
    tslib: ^2.3.0
  checksum: 1947bbab90ee9516d01d56226daa2f0d8a3fa8f09102800a363bbb8d2882a7bbd41131eb8c2caa337f7b5597c3bcc05624f7a7a4a84bbe499ea39677430b444d
  languageName: node
  linkType: hard

"@aws-sdk/util-waiter@npm:3.36.0":
  version: 3.36.0
  resolution: "@aws-sdk/util-waiter@npm:3.36.0"
  dependencies:
    "@aws-sdk/abort-controller": 3.36.0
    "@aws-sdk/types": 3.36.0
    tslib: ^2.3.0
  checksum: 62c8ab330891df522d362466c113d8aea7984af55264dc33aadc44205efb2fc68f1dadcb62076efaceafa6d95a5261d4ba0662d5944eaaaf6f375dd991aaacfd
  languageName: node
  linkType: hard

"@aws-sdk/xml-builder@npm:3.36.0":
  version: 3.36.0
  resolution: "@aws-sdk/xml-builder@npm:3.36.0"
  dependencies:
    tslib: ^2.3.0
  checksum: 9dae9f2c9df06cde745a51e2b9febe691fdf5e8b64ce13e8fa63e2adba90fa3e07f2488dea77e828054a9e116bdf9ce2130b7ceb83d474302f38ba2c81738e26
  languageName: node
  linkType: hard

"@ryyppy/rescript-promise@npm:^2.1.0":
  version: 2.1.0
  resolution: "@ryyppy/rescript-promise@npm:2.1.0"
  checksum: 47761ce48800e3e169d2fc6d0d381a15dd7a724e3d7a31297b5cffec30273d46f310dd9f96452fc027523950d4ab5c02a1a21d94bb06190070a30bcfc2783308
  languageName: node
  linkType: hard

"bowser@npm:^2.11.0":
  version: 2.11.0
  resolution: "bowser@npm:2.11.0"
  checksum: 29c3f01f22e703fa6644fc3b684307442df4240b6e10f6cfe1b61c6ca5721073189ca97cdeedb376081148c8518e33b1d818a57f781d70b0b70e1f31fb48814f
  languageName: node
  linkType: hard

"entities@npm:2.2.0":
  version: 2.2.0
  resolution: "entities@npm:2.2.0"
  checksum: 19010dacaf0912c895ea262b4f6128574f9ccf8d4b3b65c7e8334ad0079b3706376360e28d8843ff50a78aabcb8f08f0a32dbfacdc77e47ed77ca08b713669b3
  languageName: node
  linkType: hard

"fast-xml-parser@npm:3.19.0":
  version: 3.19.0
  resolution: "fast-xml-parser@npm:3.19.0"
  bin:
    xml2js: cli.js
  checksum: d9da9145f73d90c05ee2746d80c78eca4da0249dea8c81ea8f1a6e1245e62988ed4a040dbd1c7229b1e0bdcbf69d33c882e0ac337d10c7eedb159a4dc9779327
  languageName: node
  linkType: hard

"rescript-aws-sdk-v3-generator@workspace:generator":
  version: 0.0.0-use.local
  resolution: "rescript-aws-sdk-v3-generator@workspace:generator"
  dependencies:
    "@ryyppy/rescript-promise": ^2.1.0
    rescript: "*"
    rescript-nodejs: ^14.2.0
  languageName: unknown
  linkType: soft

"rescript-aws-sdk-v3-root@workspace:.":
  version: 0.0.0-use.local
  resolution: "rescript-aws-sdk-v3-root@workspace:."
  languageName: unknown
  linkType: soft

"rescript-aws-sdk-v3@workspace:sdk":
  version: 0.0.0-use.local
  resolution: "rescript-aws-sdk-v3@workspace:sdk"
  dependencies:
    "@aws-sdk/client-s3": ^3.36.0
    rescript: "*"
    rescript-nodejs: ^14.2.0
  languageName: unknown
  linkType: soft

"rescript-nodejs@npm:^14.2.0":
  version: 14.2.0
  resolution: "rescript-nodejs@npm:14.2.0"
  checksum: 2afcc87ac101352b124b10e4138132cf0a9835048067c5761439b5a7f9284a6011443a19373da2f353dfcce4a8f22476b8e69b9bb6b8c936b6956cd0e94b7d39
  languageName: node
  linkType: hard

"rescript@npm:*":
  version: 9.1.4
  resolution: "rescript@npm:9.1.4"
  bin:
    bsc: bsc
    bsrefmt: bsrefmt
    bstracing: lib/bstracing
    rescript: rescript
  checksum: 3c503580f968b4d4409830093c57f85b5590f7372250345427b3a7c1f5ccb08009e1edd89b4a3dcbb3ee95ee4dcad9c337ece4d1f8fdaa10e22ed04b8a7495c0
  languageName: node
  linkType: hard

"tslib@npm:^1.11.1":
  version: 1.14.1
  resolution: "tslib@npm:1.14.1"
  checksum: dbe628ef87f66691d5d2959b3e41b9ca0045c3ee3c7c7b906cc1e328b39f199bb1ad9e671c39025bd56122ac57dfbf7385a94843b1cc07c60a4db74795829acd
  languageName: node
  linkType: hard

"tslib@npm:^2.3.0":
  version: 2.3.1
  resolution: "tslib@npm:2.3.1"
  checksum: de17a98d4614481f7fcb5cd53ffc1aaf8654313be0291e1bfaee4b4bb31a20494b7d218ff2e15017883e8ea9626599b3b0e0229c18383ba9dce89da2adf15cb9
  languageName: node
  linkType: hard

"uuid@npm:^8.3.2":
  version: 8.3.2
  resolution: "uuid@npm:8.3.2"
  bin:
    uuid: dist/bin/uuid
  checksum: 5575a8a75c13120e2f10e6ddc801b2c7ed7d8f3c8ac22c7ed0c7b2ba6383ec0abda88c905085d630e251719e0777045ae3236f04c812184b7c765f63a70e58df
  languageName: node
  linkType: hard
